// !$*UTF8*$!
{
	archiveVersion = 1;
	classes = {
	};
	objectVersion = 48;
	objects = {

/* Begin PBXBuildFile section */
		8B363778207B7B4B00979A23 /* XMLParser.m in Sources */ = {isa = PBXBuildFile; fileRef = 8B363776207B7B4A00979A23 /* XMLParser.m */; };
		8B363779207B7B4B00979A23 /* XMLParser.h in Headers */ = {isa = PBXBuildFile; fileRef = 8B363777207B7B4A00979A23 /* XMLParser.h */; settings = {ATTRIBUTES = (Public, ); }; };
		8B63980120778F9B00C1E769 /* MDSCryptoHelper.m in Sources */ = {isa = PBXBuildFile; fileRef = 8B6397FE20778F9A00C1E769 /* MDSCryptoHelper.m */; };
		8B63980220778F9B00C1E769 /* MDSKeychainManager.h in Headers */ = {isa = PBXBuildFile; fileRef = 8B6397FF20778F9B00C1E769 /* MDSKeychainManager.h */; settings = {ATTRIBUTES = (Public, ); }; };
		8B63980320778F9B00C1E769 /* MDSKeychainManager.m in Sources */ = {isa = PBXBuildFile; fileRef = 8B63980020778F9B00C1E769 /* MDSKeychainManager.m */; };
		8B63980520778FDE00C1E769 /* MDSCryptoHelper.h in Headers */ = {isa = PBXBuildFile; fileRef = 8B63980420778FDE00C1E769 /* MDSCryptoHelper.h */; settings = {ATTRIBUTES = (Public, ); }; };
		8B7C2DAE207B5DAA00DB513F /* MDSNetworkManager.h in Headers */ = {isa = PBXBuildFile; fileRef = 8B7C2DAC207B5DAA00DB513F /* MDSNetworkManager.h */; settings = {ATTRIBUTES = (Public, ); }; };
		8B7C2DAF207B5DAA00DB513F /* MDSNetworkManager.m in Sources */ = {isa = PBXBuildFile; fileRef = 8B7C2DAD207B5DAA00DB513F /* MDSNetworkManager.m */; };
		8B97EB0520877B1300A7BB8F /* MDSOAuthConstant.h in Headers */ = {isa = PBXBuildFile; fileRef = 8B97EB0320877B1300A7BB8F /* MDSOAuthConstant.h */; settings = {ATTRIBUTES = (Public, ); }; };
		8B97EB0620877B1300A7BB8F /* MDSOAuthConstant.m in Sources */ = {isa = PBXBuildFile; fileRef = 8B97EB0420877B1300A7BB8F /* MDSOAuthConstant.m */; };
		8B97EB0A208783C000A7BB8F /* MDSMerchantServices.h in Headers */ = {isa = PBXBuildFile; fileRef = 8B97EB08208783C000A7BB8F /* MDSMerchantServices.h */; settings = {ATTRIBUTES = (Public, ); }; };
		8B97EB0B208783C000A7BB8F /* MDSMerchantServices.m in Sources */ = {isa = PBXBuildFile; fileRef = 8B97EB09208783C000A7BB8F /* MDSMerchantServices.m */; };
		8BD3F3B920775282005FA115 /* NSString+Common.h in Headers */ = {isa = PBXBuildFile; fileRef = 8BD3F3B720775282005FA115 /* NSString+Common.h */; settings = {ATTRIBUTES = (Public, ); }; };
		8BD3F3BA20775282005FA115 /* NSString+Common.m in Sources */ = {isa = PBXBuildFile; fileRef = 8BD3F3B820775282005FA115 /* NSString+Common.m */; };
		8BD613DF2076021F009D8AB9 /* MDSOAuthProvider.h in Headers */ = {isa = PBXBuildFile; fileRef = 8BD613DD2076021F009D8AB9 /* MDSOAuthProvider.h */; settings = {ATTRIBUTES = (Public, ); }; };
		8BD613E02076021F009D8AB9 /* MDSOAuthProvider.m in Sources */ = {isa = PBXBuildFile; fileRef = 8BD613DE2076021F009D8AB9 /* MDSOAuthProvider.m */; };
		8BE60B0F207C956300867FD9 /* MDSBaseService.h in Headers */ = {isa = PBXBuildFile; fileRef = 8BE60B0D207C956300867FD9 /* MDSBaseService.h */; settings = {ATTRIBUTES = (Public, ); }; };
		8BE60B10207C956300867FD9 /* MDSBaseService.m in Sources */ = {isa = PBXBuildFile; fileRef = 8BE60B0E207C956300867FD9 /* MDSBaseService.m */; };
		8BE60B49207CB99900867FD9 /* MDSPairingIDService.m in Sources */ = {isa = PBXBuildFile; fileRef = 8BE60B45207CB99800867FD9 /* MDSPairingIDService.m */; };
		8BE60B4A207CB99900867FD9 /* MDSPairingIDServiceRequest.m in Sources */ = {isa = PBXBuildFile; fileRef = 8BE60B46207CB99800867FD9 /* MDSPairingIDServiceRequest.m */; };
		8BE60B4B207CB99900867FD9 /* MDSPairingIDService.h in Headers */ = {isa = PBXBuildFile; fileRef = 8BE60B47207CB99800867FD9 /* MDSPairingIDService.h */; settings = {ATTRIBUTES = (Public, ); }; };
		8BE60B4C207CB99900867FD9 /* MDSPairingIDServiceRequest.h in Headers */ = {isa = PBXBuildFile; fileRef = 8BE60B48207CB99800867FD9 /* MDSPairingIDServiceRequest.h */; settings = {ATTRIBUTES = (Public, ); }; };
		8BE60B51207CB9A500867FD9 /* MDSAuthorisePairingRequest.h in Headers */ = {isa = PBXBuildFile; fileRef = 8BE60B4D207CB9A400867FD9 /* MDSAuthorisePairingRequest.h */; settings = {ATTRIBUTES = (Public, ); }; };
		8BE60B52207CB9A500867FD9 /* MDSAuthorizePairingService.h in Headers */ = {isa = PBXBuildFile; fileRef = 8BE60B4E207CB9A400867FD9 /* MDSAuthorizePairingService.h */; settings = {ATTRIBUTES = (Public, ); }; };
		8BE60B53207CB9A500867FD9 /* MDSAuthorizePairingService.m in Sources */ = {isa = PBXBuildFile; fileRef = 8BE60B4F207CB9A500867FD9 /* MDSAuthorizePairingService.m */; };
		8BE60B54207CB9A500867FD9 /* MDSAuthorisePairingRequest.m in Sources */ = {isa = PBXBuildFile; fileRef = 8BE60B50207CB9A500867FD9 /* MDSAuthorisePairingRequest.m */; };
		8BE60B59207CB9B300867FD9 /* MDSInitializePairingRequest.h in Headers */ = {isa = PBXBuildFile; fileRef = 8BE60B55207CB9B300867FD9 /* MDSInitializePairingRequest.h */; settings = {ATTRIBUTES = (Public, ); }; };
		8BE60B5A207CB9B300867FD9 /* MDSInitializePairingRequest.m in Sources */ = {isa = PBXBuildFile; fileRef = 8BE60B56207CB9B300867FD9 /* MDSInitializePairingRequest.m */; };
		8BE60B5B207CB9B300867FD9 /* MDSIinitializePairingService.h in Headers */ = {isa = PBXBuildFile; fileRef = 8BE60B57207CB9B300867FD9 /* MDSIinitializePairingService.h */; settings = {ATTRIBUTES = (Public, ); }; };
		8BE60B5C207CB9B300867FD9 /* MDSIinitializePairingService.m in Sources */ = {isa = PBXBuildFile; fileRef = 8BE60B58207CB9B300867FD9 /* MDSIinitializePairingService.m */; };
		8BEA172020737CC100641A73 /* MerchantServices.framework in Frameworks */ = {isa = PBXBuildFile; fileRef = 8BEA171620737CC000641A73 /* MerchantServices.framework */; };
		8BEA172520737CC100641A73 /* MerchantServicesTests.m in Sources */ = {isa = PBXBuildFile; fileRef = 8BEA172420737CC100641A73 /* MerchantServicesTests.m */; };
		8BEA176C2073A4EA00641A73 /* MDSPaymentDataRequest.h in Headers */ = {isa = PBXBuildFile; fileRef = 8BEA176A2073A4EA00641A73 /* MDSPaymentDataRequest.h */; settings = {ATTRIBUTES = (Public, ); }; };
		8BEA176D2073A4EA00641A73 /* MDSPaymentDataRequest.m in Sources */ = {isa = PBXBuildFile; fileRef = 8BEA176B2073A4EA00641A73 /* MDSPaymentDataRequest.m */; };
		8BEA17742073A81C00641A73 /* MDSPaymentDataService.h in Headers */ = {isa = PBXBuildFile; fileRef = 8BEA17722073A81C00641A73 /* MDSPaymentDataService.h */; settings = {ATTRIBUTES = (Public, ); }; };
		8BEA17752073A81C00641A73 /* MDSPaymentDataService.m in Sources */ = {isa = PBXBuildFile; fileRef = 8BEA17732073A81C00641A73 /* MDSPaymentDataService.m */; };
		8BEA17782073B96C00641A73 /* MDSBaseServiceRequest.h in Headers */ = {isa = PBXBuildFile; fileRef = 8BEA17762073B96C00641A73 /* MDSBaseServiceRequest.h */; settings = {ATTRIBUTES = (Public, ); }; };
		8BEA17792073B96C00641A73 /* MDSBaseServiceRequest.m in Sources */ = {isa = PBXBuildFile; fileRef = 8BEA17772073B96C00641A73 /* MDSBaseServiceRequest.m */; };
		8BEA179D2073C09800641A73 /* MDSPrecheckoutDataRequest.h in Headers */ = {isa = PBXBuildFile; fileRef = 8BEA178A2073C09800641A73 /* MDSPrecheckoutDataRequest.h */; settings = {ATTRIBUTES = (Public, ); }; };
		8BEA179E2073C09800641A73 /* MDSPrecheckoutDataRequest.m in Sources */ = {isa = PBXBuildFile; fileRef = 8BEA178B2073C09800641A73 /* MDSPrecheckoutDataRequest.m */; };
		8BEA17A12073C09800641A73 /* MDSPrecheckoutDataService.h in Headers */ = {isa = PBXBuildFile; fileRef = 8BEA178E2073C09800641A73 /* MDSPrecheckoutDataService.h */; settings = {ATTRIBUTES = (Public, ); }; };
		8BEA17A22073C09800641A73 /* MDSPrecheckoutDataService.m in Sources */ = {isa = PBXBuildFile; fileRef = 8BEA178F2073C09800641A73 /* MDSPrecheckoutDataService.m */; };
		8BEA17A32073C09800641A73 /* MDSExpressCheckoutDataRequest.h in Headers */ = {isa = PBXBuildFile; fileRef = 8BEA17912073C09800641A73 /* MDSExpressCheckoutDataRequest.h */; settings = {ATTRIBUTES = (Public, ); }; };
		8BEA17A42073C09800641A73 /* MDSExpressCheckoutDataRequest.m in Sources */ = {isa = PBXBuildFile; fileRef = 8BEA17922073C09800641A73 /* MDSExpressCheckoutDataRequest.m */; };
		8BEA17A72073C09800641A73 /* MDSExpressCheckoutDataService.h in Headers */ = {isa = PBXBuildFile; fileRef = 8BEA17952073C09800641A73 /* MDSExpressCheckoutDataService.h */; settings = {ATTRIBUTES = (Public, ); }; };
		8BEA17A82073C09800641A73 /* MDSExpressCheckoutDataService.m in Sources */ = {isa = PBXBuildFile; fileRef = 8BEA17962073C09800641A73 /* MDSExpressCheckoutDataService.m */; };
		BA6C8A042085C4EA000B8833 /* MerchantServices.h in Headers */ = {isa = PBXBuildFile; fileRef = BA6C8A022085C4EA000B8833 /* MerchantServices.h */; settings = {ATTRIBUTES = (Public, ); }; };
/* End PBXBuildFile section */

/* Begin PBXContainerItemProxy section */
		8BEA172120737CC100641A73 /* PBXContainerItemProxy */ = {
			isa = PBXContainerItemProxy;
			containerPortal = 8BEA170D20737CC000641A73 /* Project object */;
			proxyType = 1;
			remoteGlobalIDString = 8BEA171520737CC000641A73;
			remoteInfo = MerchantServices;
		};
/* End PBXContainerItemProxy section */

/* Begin PBXFileReference section */
		8B363776207B7B4A00979A23 /* XMLParser.m */ = {isa = PBXFileReference; fileEncoding = 4; lastKnownFileType = sourcecode.c.objc; path = XMLParser.m; sourceTree = "<group>"; };
		8B363777207B7B4A00979A23 /* XMLParser.h */ = {isa = PBXFileReference; fileEncoding = 4; lastKnownFileType = sourcecode.c.h; path = XMLParser.h; sourceTree = "<group>"; };
		8B6397FE20778F9A00C1E769 /* MDSCryptoHelper.m */ = {isa = PBXFileReference; fileEncoding = 4; lastKnownFileType = sourcecode.c.objc; path = MDSCryptoHelper.m; sourceTree = "<group>"; };
		8B6397FF20778F9B00C1E769 /* MDSKeychainManager.h */ = {isa = PBXFileReference; fileEncoding = 4; lastKnownFileType = sourcecode.c.h; path = MDSKeychainManager.h; sourceTree = "<group>"; };
		8B63980020778F9B00C1E769 /* MDSKeychainManager.m */ = {isa = PBXFileReference; fileEncoding = 4; lastKnownFileType = sourcecode.c.objc; path = MDSKeychainManager.m; sourceTree = "<group>"; };
		8B63980420778FDE00C1E769 /* MDSCryptoHelper.h */ = {isa = PBXFileReference; fileEncoding = 4; lastKnownFileType = sourcecode.c.h; path = MDSCryptoHelper.h; sourceTree = "<group>"; };
		8B7C2DAC207B5DAA00DB513F /* MDSNetworkManager.h */ = {isa = PBXFileReference; lastKnownFileType = sourcecode.c.h; path = MDSNetworkManager.h; sourceTree = "<group>"; };
		8B7C2DAD207B5DAA00DB513F /* MDSNetworkManager.m */ = {isa = PBXFileReference; lastKnownFileType = sourcecode.c.objc; path = MDSNetworkManager.m; sourceTree = "<group>"; };
		8B97EB0320877B1300A7BB8F /* MDSOAuthConstant.h */ = {isa = PBXFileReference; fileEncoding = 4; lastKnownFileType = sourcecode.c.h; path = MDSOAuthConstant.h; sourceTree = "<group>"; };
		8B97EB0420877B1300A7BB8F /* MDSOAuthConstant.m */ = {isa = PBXFileReference; fileEncoding = 4; lastKnownFileType = sourcecode.c.objc; path = MDSOAuthConstant.m; sourceTree = "<group>"; };
		8B97EB08208783C000A7BB8F /* MDSMerchantServices.h */ = {isa = PBXFileReference; lastKnownFileType = sourcecode.c.h; path = MDSMerchantServices.h; sourceTree = "<group>"; };
		8B97EB09208783C000A7BB8F /* MDSMerchantServices.m */ = {isa = PBXFileReference; lastKnownFileType = sourcecode.c.objc; path = MDSMerchantServices.m; sourceTree = "<group>"; };
		8BD3F3B720775282005FA115 /* NSString+Common.h */ = {isa = PBXFileReference; lastKnownFileType = sourcecode.c.h; path = "NSString+Common.h"; sourceTree = "<group>"; };
		8BD3F3B820775282005FA115 /* NSString+Common.m */ = {isa = PBXFileReference; lastKnownFileType = sourcecode.c.objc; path = "NSString+Common.m"; sourceTree = "<group>"; };
		8BD613DD2076021F009D8AB9 /* MDSOAuthProvider.h */ = {isa = PBXFileReference; fileEncoding = 4; lastKnownFileType = sourcecode.c.h; path = MDSOAuthProvider.h; sourceTree = "<group>"; };
		8BD613DE2076021F009D8AB9 /* MDSOAuthProvider.m */ = {isa = PBXFileReference; fileEncoding = 4; lastKnownFileType = sourcecode.c.objc; path = MDSOAuthProvider.m; sourceTree = "<group>"; };
		8BE60B0D207C956300867FD9 /* MDSBaseService.h */ = {isa = PBXFileReference; lastKnownFileType = sourcecode.c.h; path = MDSBaseService.h; sourceTree = "<group>"; };
		8BE60B0E207C956300867FD9 /* MDSBaseService.m */ = {isa = PBXFileReference; lastKnownFileType = sourcecode.c.objc; path = MDSBaseService.m; sourceTree = "<group>"; };
		8BE60B45207CB99800867FD9 /* MDSPairingIDService.m */ = {isa = PBXFileReference; fileEncoding = 4; lastKnownFileType = sourcecode.c.objc; path = MDSPairingIDService.m; sourceTree = "<group>"; };
		8BE60B46207CB99800867FD9 /* MDSPairingIDServiceRequest.m */ = {isa = PBXFileReference; fileEncoding = 4; lastKnownFileType = sourcecode.c.objc; path = MDSPairingIDServiceRequest.m; sourceTree = "<group>"; };
		8BE60B47207CB99800867FD9 /* MDSPairingIDService.h */ = {isa = PBXFileReference; fileEncoding = 4; lastKnownFileType = sourcecode.c.h; path = MDSPairingIDService.h; sourceTree = "<group>"; };
		8BE60B48207CB99800867FD9 /* MDSPairingIDServiceRequest.h */ = {isa = PBXFileReference; fileEncoding = 4; lastKnownFileType = sourcecode.c.h; path = MDSPairingIDServiceRequest.h; sourceTree = "<group>"; };
		8BE60B4D207CB9A400867FD9 /* MDSAuthorisePairingRequest.h */ = {isa = PBXFileReference; fileEncoding = 4; lastKnownFileType = sourcecode.c.h; path = MDSAuthorisePairingRequest.h; sourceTree = "<group>"; };
		8BE60B4E207CB9A400867FD9 /* MDSAuthorizePairingService.h */ = {isa = PBXFileReference; fileEncoding = 4; lastKnownFileType = sourcecode.c.h; path = MDSAuthorizePairingService.h; sourceTree = "<group>"; };
		8BE60B4F207CB9A500867FD9 /* MDSAuthorizePairingService.m */ = {isa = PBXFileReference; fileEncoding = 4; lastKnownFileType = sourcecode.c.objc; path = MDSAuthorizePairingService.m; sourceTree = "<group>"; };
		8BE60B50207CB9A500867FD9 /* MDSAuthorisePairingRequest.m */ = {isa = PBXFileReference; fileEncoding = 4; lastKnownFileType = sourcecode.c.objc; path = MDSAuthorisePairingRequest.m; sourceTree = "<group>"; };
		8BE60B55207CB9B300867FD9 /* MDSInitializePairingRequest.h */ = {isa = PBXFileReference; fileEncoding = 4; lastKnownFileType = sourcecode.c.h; path = MDSInitializePairingRequest.h; sourceTree = "<group>"; };
		8BE60B56207CB9B300867FD9 /* MDSInitializePairingRequest.m */ = {isa = PBXFileReference; fileEncoding = 4; lastKnownFileType = sourcecode.c.objc; path = MDSInitializePairingRequest.m; sourceTree = "<group>"; };
		8BE60B57207CB9B300867FD9 /* MDSIinitializePairingService.h */ = {isa = PBXFileReference; fileEncoding = 4; lastKnownFileType = sourcecode.c.h; path = MDSIinitializePairingService.h; sourceTree = "<group>"; };
		8BE60B58207CB9B300867FD9 /* MDSIinitializePairingService.m */ = {isa = PBXFileReference; fileEncoding = 4; lastKnownFileType = sourcecode.c.objc; path = MDSIinitializePairingService.m; sourceTree = "<group>"; };
		8BEA171620737CC000641A73 /* MerchantServices.framework */ = {isa = PBXFileReference; explicitFileType = wrapper.framework; includeInIndex = 0; path = MerchantServices.framework; sourceTree = BUILT_PRODUCTS_DIR; };
		8BEA171F20737CC100641A73 /* MerchantServicesTests.xctest */ = {isa = PBXFileReference; explicitFileType = wrapper.cfbundle; includeInIndex = 0; path = MerchantServicesTests.xctest; sourceTree = BUILT_PRODUCTS_DIR; };
		8BEA172420737CC100641A73 /* MerchantServicesTests.m */ = {isa = PBXFileReference; lastKnownFileType = sourcecode.c.objc; path = MerchantServicesTests.m; sourceTree = "<group>"; };
		8BEA172620737CC100641A73 /* Info.plist */ = {isa = PBXFileReference; lastKnownFileType = text.plist.xml; path = Info.plist; sourceTree = "<group>"; };
		8BEA176A2073A4EA00641A73 /* MDSPaymentDataRequest.h */ = {isa = PBXFileReference; lastKnownFileType = sourcecode.c.h; path = MDSPaymentDataRequest.h; sourceTree = "<group>"; };
		8BEA176B2073A4EA00641A73 /* MDSPaymentDataRequest.m */ = {isa = PBXFileReference; lastKnownFileType = sourcecode.c.objc; path = MDSPaymentDataRequest.m; sourceTree = "<group>"; };
		8BEA17722073A81C00641A73 /* MDSPaymentDataService.h */ = {isa = PBXFileReference; lastKnownFileType = sourcecode.c.h; path = MDSPaymentDataService.h; sourceTree = "<group>"; };
		8BEA17732073A81C00641A73 /* MDSPaymentDataService.m */ = {isa = PBXFileReference; lastKnownFileType = sourcecode.c.objc; path = MDSPaymentDataService.m; sourceTree = "<group>"; };
		8BEA17762073B96C00641A73 /* MDSBaseServiceRequest.h */ = {isa = PBXFileReference; lastKnownFileType = sourcecode.c.h; path = MDSBaseServiceRequest.h; sourceTree = "<group>"; };
		8BEA17772073B96C00641A73 /* MDSBaseServiceRequest.m */ = {isa = PBXFileReference; lastKnownFileType = sourcecode.c.objc; path = MDSBaseServiceRequest.m; sourceTree = "<group>"; };
		8BEA178A2073C09800641A73 /* MDSPrecheckoutDataRequest.h */ = {isa = PBXFileReference; fileEncoding = 4; lastKnownFileType = sourcecode.c.h; path = MDSPrecheckoutDataRequest.h; sourceTree = "<group>"; };
		8BEA178B2073C09800641A73 /* MDSPrecheckoutDataRequest.m */ = {isa = PBXFileReference; fileEncoding = 4; lastKnownFileType = sourcecode.c.objc; path = MDSPrecheckoutDataRequest.m; sourceTree = "<group>"; };
		8BEA178E2073C09800641A73 /* MDSPrecheckoutDataService.h */ = {isa = PBXFileReference; fileEncoding = 4; lastKnownFileType = sourcecode.c.h; path = MDSPrecheckoutDataService.h; sourceTree = "<group>"; };
		8BEA178F2073C09800641A73 /* MDSPrecheckoutDataService.m */ = {isa = PBXFileReference; fileEncoding = 4; lastKnownFileType = sourcecode.c.objc; path = MDSPrecheckoutDataService.m; sourceTree = "<group>"; };
		8BEA17912073C09800641A73 /* MDSExpressCheckoutDataRequest.h */ = {isa = PBXFileReference; fileEncoding = 4; lastKnownFileType = sourcecode.c.h; path = MDSExpressCheckoutDataRequest.h; sourceTree = "<group>"; };
		8BEA17922073C09800641A73 /* MDSExpressCheckoutDataRequest.m */ = {isa = PBXFileReference; fileEncoding = 4; lastKnownFileType = sourcecode.c.objc; path = MDSExpressCheckoutDataRequest.m; sourceTree = "<group>"; };
		8BEA17952073C09800641A73 /* MDSExpressCheckoutDataService.h */ = {isa = PBXFileReference; fileEncoding = 4; lastKnownFileType = sourcecode.c.h; path = MDSExpressCheckoutDataService.h; sourceTree = "<group>"; };
		8BEA17962073C09800641A73 /* MDSExpressCheckoutDataService.m */ = {isa = PBXFileReference; fileEncoding = 4; lastKnownFileType = sourcecode.c.objc; path = MDSExpressCheckoutDataService.m; sourceTree = "<group>"; };
		BA6C89EC2085C450000B8833 /* build.sh */ = {isa = PBXFileReference; fileEncoding = 4; lastKnownFileType = text.script.sh; path = build.sh; sourceTree = "<group>"; };
		BA6C89ED2085C450000B8833 /* BuildFramework.sh */ = {isa = PBXFileReference; fileEncoding = 4; lastKnownFileType = text.script.sh; path = BuildFramework.sh; sourceTree = "<group>"; };
		BA6C89EE2085C450000B8833 /* copyright.sh */ = {isa = PBXFileReference; fileEncoding = 4; lastKnownFileType = text.script.sh; path = copyright.sh; sourceTree = "<group>"; };
		BA6C89EF2085C450000B8833 /* copyright_info.txt */ = {isa = PBXFileReference; fileEncoding = 4; lastKnownFileType = text; path = copyright_info.txt; sourceTree = "<group>"; };
		BA6C89F02085C450000B8833 /* coverage.sh */ = {isa = PBXFileReference; fileEncoding = 4; lastKnownFileType = text.script.sh; path = coverage.sh; sourceTree = "<group>"; };
		BA6C89F32085C450000B8833 /* notify.sh */ = {isa = PBXFileReference; fileEncoding = 4; lastKnownFileType = text.script.sh; path = notify.sh; sourceTree = "<group>"; };
		BA6C89F42085C450000B8833 /* Preflight.sh */ = {isa = PBXFileReference; fileEncoding = 4; lastKnownFileType = text.script.sh; path = Preflight.sh; sourceTree = "<group>"; };
		BA6C8A012085C4EA000B8833 /* Info.plist */ = {isa = PBXFileReference; fileEncoding = 4; lastKnownFileType = text.plist.xml; path = Info.plist; sourceTree = "<group>"; };
		BA6C8A022085C4EA000B8833 /* MerchantServices.h */ = {isa = PBXFileReference; fileEncoding = 4; lastKnownFileType = sourcecode.c.h; path = MerchantServices.h; sourceTree = "<group>"; };
/* End PBXFileReference section */

/* Begin PBXFrameworksBuildPhase section */
		8BEA171220737CC000641A73 /* Frameworks */ = {
			isa = PBXFrameworksBuildPhase;
			buildActionMask = 2147483647;
			files = (
			);
			runOnlyForDeploymentPostprocessing = 0;
		};
		8BEA171C20737CC100641A73 /* Frameworks */ = {
			isa = PBXFrameworksBuildPhase;
			buildActionMask = 2147483647;
			files = (
				8BEA172020737CC100641A73 /* MerchantServices.framework in Frameworks */,
			);
			runOnlyForDeploymentPostprocessing = 0;
		};
/* End PBXFrameworksBuildPhase section */

/* Begin PBXGroup section */
		8B97EB072087838C00A7BB8F /* ServiceInfrastructure */ = {
			isa = PBXGroup;
			children = (
				8B97EB08208783C000A7BB8F /* MDSMerchantServices.h */,
				8B97EB09208783C000A7BB8F /* MDSMerchantServices.m */,
			);
			path = ServiceInfrastructure;
			sourceTree = "<group>";
		};
		8BD9CFA42074AFFF00144E21 /* Utils */ = {
			isa = PBXGroup;
			children = (
				8B363777207B7B4A00979A23 /* XMLParser.h */,
				8B363776207B7B4A00979A23 /* XMLParser.m */,
				8BD9CFA52074B00A00144E21 /* Crypto */,
				8BD3F3B720775282005FA115 /* NSString+Common.h */,
				8BD3F3B820775282005FA115 /* NSString+Common.m */,
			);
			path = Utils;
			sourceTree = "<group>";
		};
		8BD9CFA52074B00A00144E21 /* Crypto */ = {
			isa = PBXGroup;
			children = (
				8B63980420778FDE00C1E769 /* MDSCryptoHelper.h */,
				8B6397FE20778F9A00C1E769 /* MDSCryptoHelper.m */,
				8B6397FF20778F9B00C1E769 /* MDSKeychainManager.h */,
				8B63980020778F9B00C1E769 /* MDSKeychainManager.m */,
			);
			path = Crypto;
			sourceTree = "<group>";
		};
		8BD9CFAE2074B08200144E21 /* Networking */ = {
			isa = PBXGroup;
			children = (
				8B97EB0320877B1300A7BB8F /* MDSOAuthConstant.h */,
				8B97EB0420877B1300A7BB8F /* MDSOAuthConstant.m */,
				8BD613DD2076021F009D8AB9 /* MDSOAuthProvider.h */,
				8BD613DE2076021F009D8AB9 /* MDSOAuthProvider.m */,
				8B7C2DAC207B5DAA00DB513F /* MDSNetworkManager.h */,
				8B7C2DAD207B5DAA00DB513F /* MDSNetworkManager.m */,
			);
			path = Networking;
			sourceTree = "<group>";
		};
		8BE60B21207C9C1300867FD9 /* InitPairing */ = {
			isa = PBXGroup;
			children = (
				8BE60B57207CB9B300867FD9 /* MDSIinitializePairingService.h */,
				8BE60B58207CB9B300867FD9 /* MDSIinitializePairingService.m */,
				8BE60B55207CB9B300867FD9 /* MDSInitializePairingRequest.h */,
				8BE60B56207CB9B300867FD9 /* MDSInitializePairingRequest.m */,
			);
			path = InitPairing;
			sourceTree = "<group>";
		};
		8BE60B22207C9C2E00867FD9 /* AutorizePairing */ = {
			isa = PBXGroup;
			children = (
				8BE60B4D207CB9A400867FD9 /* MDSAuthorisePairingRequest.h */,
				8BE60B50207CB9A500867FD9 /* MDSAuthorisePairingRequest.m */,
				8BE60B4E207CB9A400867FD9 /* MDSAuthorizePairingService.h */,
				8BE60B4F207CB9A500867FD9 /* MDSAuthorizePairingService.m */,
			);
			path = AutorizePairing;
			sourceTree = "<group>";
		};
		8BEA170C20737CC000641A73 = {
			isa = PBXGroup;
			children = (
				8BEA171820737CC000641A73 /* MerchantServices */,
				8BEA172320737CC100641A73 /* MerchantServicesTests */,
				8BEA171720737CC000641A73 /* Products */,
			);
			sourceTree = "<group>";
		};
		8BEA171720737CC000641A73 /* Products */ = {
			isa = PBXGroup;
			children = (
				8BEA171620737CC000641A73 /* MerchantServices.framework */,
				8BEA171F20737CC100641A73 /* MerchantServicesTests.xctest */,
			);
			name = Products;
			sourceTree = "<group>";
		};
		8BEA171820737CC000641A73 /* MerchantServices */ = {
			isa = PBXGroup;
			children = (
				8B97EB072087838C00A7BB8F /* ServiceInfrastructure */,
				8BD9CFAE2074B08200144E21 /* Networking */,
				8BD9CFA42074AFFF00144E21 /* Utils */,
				8BEA174120738E0C00641A73 /* ServiceModules */,
				BA6C89E62085C418000B8833 /* SupportingComponents */,
			);
			path = MerchantServices;
			sourceTree = "<group>";
		};
		8BEA172320737CC100641A73 /* MerchantServicesTests */ = {
			isa = PBXGroup;
			children = (
				8BEA172420737CC100641A73 /* MerchantServicesTests.m */,
				8BEA172620737CC100641A73 /* Info.plist */,
			);
			path = MerchantServicesTests;
			sourceTree = "<group>";
		};
		8BEA174120738E0C00641A73 /* ServiceModules */ = {
			isa = PBXGroup;
			children = (
				8BE60B0D207C956300867FD9 /* MDSBaseService.h */,
				8BE60B0E207C956300867FD9 /* MDSBaseService.m */,
				8BEA17762073B96C00641A73 /* MDSBaseServiceRequest.h */,
				8BEA17772073B96C00641A73 /* MDSBaseServiceRequest.m */,
				8BEA17902073C09800641A73 /* ExpressCheckoutDataService */,
				8BEA17822073C09800641A73 /* PairingIDService */,
				8BEA17892073C09800641A73 /* PrecheckoutDataService */,
				8BEA17692073A4CC00641A73 /* PaymentDataService */,
			);
			path = ServiceModules;
			sourceTree = "<group>";
		};
		8BEA17692073A4CC00641A73 /* PaymentDataService */ = {
			isa = PBXGroup;
			children = (
				8BEA176A2073A4EA00641A73 /* MDSPaymentDataRequest.h */,
				8BEA176B2073A4EA00641A73 /* MDSPaymentDataRequest.m */,
				8BEA17722073A81C00641A73 /* MDSPaymentDataService.h */,
				8BEA17732073A81C00641A73 /* MDSPaymentDataService.m */,
			);
			path = PaymentDataService;
			sourceTree = "<group>";
		};
		8BEA17822073C09800641A73 /* PairingIDService */ = {
			isa = PBXGroup;
			children = (
				8BE60B47207CB99800867FD9 /* MDSPairingIDService.h */,
				8BE60B45207CB99800867FD9 /* MDSPairingIDService.m */,
				8BE60B48207CB99800867FD9 /* MDSPairingIDServiceRequest.h */,
				8BE60B46207CB99800867FD9 /* MDSPairingIDServiceRequest.m */,
				8BE60B22207C9C2E00867FD9 /* AutorizePairing */,
				8BE60B21207C9C1300867FD9 /* InitPairing */,
			);
			path = PairingIDService;
			sourceTree = "<group>";
		};
		8BEA17892073C09800641A73 /* PrecheckoutDataService */ = {
			isa = PBXGroup;
			children = (
				8BEA178A2073C09800641A73 /* MDSPrecheckoutDataRequest.h */,
				8BEA178B2073C09800641A73 /* MDSPrecheckoutDataRequest.m */,
				8BEA178E2073C09800641A73 /* MDSPrecheckoutDataService.h */,
				8BEA178F2073C09800641A73 /* MDSPrecheckoutDataService.m */,
			);
			path = PrecheckoutDataService;
			sourceTree = "<group>";
		};
		8BEA17902073C09800641A73 /* ExpressCheckoutDataService */ = {
			isa = PBXGroup;
			children = (
				8BEA17912073C09800641A73 /* MDSExpressCheckoutDataRequest.h */,
				8BEA17922073C09800641A73 /* MDSExpressCheckoutDataRequest.m */,
				8BEA17952073C09800641A73 /* MDSExpressCheckoutDataService.h */,
				8BEA17962073C09800641A73 /* MDSExpressCheckoutDataService.m */,
			);
			path = ExpressCheckoutDataService;
			sourceTree = "<group>";
		};
		BA6C89E62085C418000B8833 /* SupportingComponents */ = {
			isa = PBXGroup;
			children = (
				BA6C89EB2085C450000B8833 /* Scripts */,
				BA6C8A002085C4EA000B8833 /* Supporting Files */,
			);
			path = SupportingComponents;
			sourceTree = "<group>";
		};
		BA6C89EB2085C450000B8833 /* Scripts */ = {
			isa = PBXGroup;
			children = (
				BA6C89EC2085C450000B8833 /* build.sh */,
				BA6C89ED2085C450000B8833 /* BuildFramework.sh */,
				BA6C89EE2085C450000B8833 /* copyright.sh */,
				BA6C89EF2085C450000B8833 /* copyright_info.txt */,
				BA6C89F02085C450000B8833 /* coverage.sh */,
				BA6C89F32085C450000B8833 /* notify.sh */,
				BA6C89F42085C450000B8833 /* Preflight.sh */,
			);
			path = Scripts;
			sourceTree = SOURCE_ROOT;
		};
		BA6C8A002085C4EA000B8833 /* Supporting Files */ = {
			isa = PBXGroup;
			children = (
				BA6C8A012085C4EA000B8833 /* Info.plist */,
				BA6C8A022085C4EA000B8833 /* MerchantServices.h */,
			);
			path = "Supporting Files";
			sourceTree = "<group>";
		};
/* End PBXGroup section */

/* Begin PBXHeadersBuildPhase section */
		8BEA171320737CC000641A73 /* Headers */ = {
			isa = PBXHeadersBuildPhase;
			buildActionMask = 2147483647;
			files = (
				8B363779207B7B4B00979A23 /* XMLParser.h in Headers */,
				8B7C2DAE207B5DAA00DB513F /* MDSNetworkManager.h in Headers */,
				8BE60B59207CB9B300867FD9 /* MDSInitializePairingRequest.h in Headers */,
				8BE60B5B207CB9B300867FD9 /* MDSIinitializePairingService.h in Headers */,
				8BE60B51207CB9A500867FD9 /* MDSAuthorisePairingRequest.h in Headers */,
				8BE60B52207CB9A500867FD9 /* MDSAuthorizePairingService.h in Headers */,
				8BE60B4B207CB99900867FD9 /* MDSPairingIDService.h in Headers */,
				8BE60B4C207CB99900867FD9 /* MDSPairingIDServiceRequest.h in Headers */,
				8BEA176C2073A4EA00641A73 /* MDSPaymentDataRequest.h in Headers */,
				8BEA17742073A81C00641A73 /* MDSPaymentDataService.h in Headers */,
				8BEA179D2073C09800641A73 /* MDSPrecheckoutDataRequest.h in Headers */,
				8BEA17A12073C09800641A73 /* MDSPrecheckoutDataService.h in Headers */,
				8BEA17A32073C09800641A73 /* MDSExpressCheckoutDataRequest.h in Headers */,
				8BEA17A72073C09800641A73 /* MDSExpressCheckoutDataService.h in Headers */,
				8BEA17782073B96C00641A73 /* MDSBaseServiceRequest.h in Headers */,
				8BE60B0F207C956300867FD9 /* MDSBaseService.h in Headers */,
				8B63980520778FDE00C1E769 /* MDSCryptoHelper.h in Headers */,
				8B97EB0A208783C000A7BB8F /* MDSMerchantServices.h in Headers */,
				8BD3F3B920775282005FA115 /* NSString+Common.h in Headers */,
				8BD613DF2076021F009D8AB9 /* MDSOAuthProvider.h in Headers */,
				8B63980220778F9B00C1E769 /* MDSKeychainManager.h in Headers */,
				8B97EB0520877B1300A7BB8F /* MDSOAuthConstant.h in Headers */,
				BA6C8A042085C4EA000B8833 /* MerchantServices.h in Headers */,
			);
			runOnlyForDeploymentPostprocessing = 0;
		};
/* End PBXHeadersBuildPhase section */

/* Begin PBXNativeTarget section */
		8BEA171520737CC000641A73 /* MerchantServices */ = {
			isa = PBXNativeTarget;
			buildConfigurationList = 8BEA172A20737CC100641A73 /* Build configuration list for PBXNativeTarget "MerchantServices" */;
			buildPhases = (
				8BEA171120737CC000641A73 /* Sources */,
				8BEA171220737CC000641A73 /* Frameworks */,
				8BEA171320737CC000641A73 /* Headers */,
				8BEA171420737CC000641A73 /* Resources */,
				8B8DE962207CF95A00C37152 /* ShellScript */,
			);
			buildRules = (
			);
			dependencies = (
			);
			name = MerchantServices;
			productName = MerchantServices;
			productReference = 8BEA171620737CC000641A73 /* MerchantServices.framework */;
			productType = "com.apple.product-type.framework";
		};
		8BEA171E20737CC100641A73 /* MerchantServicesTests */ = {
			isa = PBXNativeTarget;
			buildConfigurationList = 8BEA172D20737CC100641A73 /* Build configuration list for PBXNativeTarget "MerchantServicesTests" */;
			buildPhases = (
				8BEA171B20737CC100641A73 /* Sources */,
				8BEA171C20737CC100641A73 /* Frameworks */,
				8BEA171D20737CC100641A73 /* Resources */,
			);
			buildRules = (
			);
			dependencies = (
				8BEA172220737CC100641A73 /* PBXTargetDependency */,
			);
			name = MerchantServicesTests;
			productName = MerchantServicesTests;
			productReference = 8BEA171F20737CC100641A73 /* MerchantServicesTests.xctest */;
			productType = "com.apple.product-type.bundle.unit-test";
		};
/* End PBXNativeTarget section */

/* Begin PBXProject section */
		8BEA170D20737CC000641A73 /* Project object */ = {
			isa = PBXProject;
			attributes = {
				LastUpgradeCheck = 0920;
				ORGANIZATIONNAME = "Patel, Utkal";
				TargetAttributes = {
					8BEA171520737CC000641A73 = {
						CreatedOnToolsVersion = 9.2;
						LastSwiftMigration = 0920;
						ProvisioningStyle = Automatic;
					};
					8BEA171E20737CC100641A73 = {
						CreatedOnToolsVersion = 9.2;
						ProvisioningStyle = Automatic;
					};
				};
			};
			buildConfigurationList = 8BEA171020737CC000641A73 /* Build configuration list for PBXProject "MerchantServices" */;
			compatibilityVersion = "Xcode 8.0";
			developmentRegion = en;
			hasScannedForEncodings = 0;
			knownRegions = (
				en,
			);
			mainGroup = 8BEA170C20737CC000641A73;
			productRefGroup = 8BEA171720737CC000641A73 /* Products */;
			projectDirPath = "";
			projectRoot = "";
			targets = (
				8BEA171520737CC000641A73 /* MerchantServices */,
				8BEA171E20737CC100641A73 /* MerchantServicesTests */,
			);
		};
/* End PBXProject section */

/* Begin PBXResourcesBuildPhase section */
		8BEA171420737CC000641A73 /* Resources */ = {
			isa = PBXResourcesBuildPhase;
			buildActionMask = 2147483647;
			files = (
			);
			runOnlyForDeploymentPostprocessing = 0;
		};
		8BEA171D20737CC100641A73 /* Resources */ = {
			isa = PBXResourcesBuildPhase;
			buildActionMask = 2147483647;
			files = (
			);
			runOnlyForDeploymentPostprocessing = 0;
		};
/* End PBXResourcesBuildPhase section */

/* Begin PBXShellScriptBuildPhase section */
		8B8DE962207CF95A00C37152 /* ShellScript */ = {
			isa = PBXShellScriptBuildPhase;
			buildActionMask = 2147483647;
			files = (
			);
			inputPaths = (
			);
			outputPaths = (
			);
			runOnlyForDeploymentPostprocessing = 0;
			shellPath = /bin/sh;
			shellScript = "#${PROJECT_DIR}/Scripts/BuildFramework.sh";
		};
/* End PBXShellScriptBuildPhase section */

/* Begin PBXSourcesBuildPhase section */
		8BEA171120737CC000641A73 /* Sources */ = {
			isa = PBXSourcesBuildPhase;
			buildActionMask = 2147483647;
			files = (
				8BE60B4A207CB99900867FD9 /* MDSPairingIDServiceRequest.m in Sources */,
				8BD613E02076021F009D8AB9 /* MDSOAuthProvider.m in Sources */,
				8BE60B10207C956300867FD9 /* MDSBaseService.m in Sources */,
				8BEA17A42073C09800641A73 /* MDSExpressCheckoutDataRequest.m in Sources */,
				8BEA17792073B96C00641A73 /* MDSBaseServiceRequest.m in Sources */,
				8BE60B5C207CB9B300867FD9 /* MDSIinitializePairingService.m in Sources */,
				8B97EB0620877B1300A7BB8F /* MDSOAuthConstant.m in Sources */,
				8BEA17A22073C09800641A73 /* MDSPrecheckoutDataService.m in Sources */,
				8BE60B54207CB9A500867FD9 /* MDSAuthorisePairingRequest.m in Sources */,
				8B63980320778F9B00C1E769 /* MDSKeychainManager.m in Sources */,
				8BD3F3BA20775282005FA115 /* NSString+Common.m in Sources */,
				8BE60B49207CB99900867FD9 /* MDSPairingIDService.m in Sources */,
				8BEA17752073A81C00641A73 /* MDSPaymentDataService.m in Sources */,
				8B7C2DAF207B5DAA00DB513F /* MDSNetworkManager.m in Sources */,
				8BEA17A82073C09800641A73 /* MDSExpressCheckoutDataService.m in Sources */,
				8B97EB0B208783C000A7BB8F /* MDSMerchantServices.m in Sources */,
				8B63980120778F9B00C1E769 /* MDSCryptoHelper.m in Sources */,
				8BE60B53207CB9A500867FD9 /* MDSAuthorizePairingService.m in Sources */,
				8BE60B5A207CB9B300867FD9 /* MDSInitializePairingRequest.m in Sources */,
				8BEA176D2073A4EA00641A73 /* MDSPaymentDataRequest.m in Sources */,
				8BEA179E2073C09800641A73 /* MDSPrecheckoutDataRequest.m in Sources */,
				8B363778207B7B4B00979A23 /* XMLParser.m in Sources */,
			);
			runOnlyForDeploymentPostprocessing = 0;
		};
		8BEA171B20737CC100641A73 /* Sources */ = {
			isa = PBXSourcesBuildPhase;
			buildActionMask = 2147483647;
			files = (
				8BEA172520737CC100641A73 /* MerchantServicesTests.m in Sources */,
			);
			runOnlyForDeploymentPostprocessing = 0;
		};
/* End PBXSourcesBuildPhase section */

/* Begin PBXTargetDependency section */
		8BEA172220737CC100641A73 /* PBXTargetDependency */ = {
			isa = PBXTargetDependency;
			target = 8BEA171520737CC000641A73 /* MerchantServices */;
			targetProxy = 8BEA172120737CC100641A73 /* PBXContainerItemProxy */;
		};
/* End PBXTargetDependency section */

/* Begin XCBuildConfiguration section */
		8BEA172820737CC100641A73 /* Debug */ = {
			isa = XCBuildConfiguration;
			buildSettings = {
				ALWAYS_SEARCH_USER_PATHS = NO;
				CLANG_ANALYZER_NONNULL = YES;
				CLANG_ANALYZER_NUMBER_OBJECT_CONVERSION = YES_AGGRESSIVE;
				CLANG_CXX_LANGUAGE_STANDARD = "gnu++14";
				CLANG_CXX_LIBRARY = "libc++";
				CLANG_ENABLE_MODULES = YES;
				CLANG_ENABLE_OBJC_ARC = YES;
				CLANG_WARN_BLOCK_CAPTURE_AUTORELEASING = YES;
				CLANG_WARN_BOOL_CONVERSION = YES;
				CLANG_WARN_COMMA = YES;
				CLANG_WARN_CONSTANT_CONVERSION = YES;
				CLANG_WARN_DIRECT_OBJC_ISA_USAGE = YES_ERROR;
				CLANG_WARN_DOCUMENTATION_COMMENTS = YES;
				CLANG_WARN_EMPTY_BODY = YES;
				CLANG_WARN_ENUM_CONVERSION = YES;
				CLANG_WARN_INFINITE_RECURSION = YES;
				CLANG_WARN_INT_CONVERSION = YES;
				CLANG_WARN_NON_LITERAL_NULL_CONVERSION = YES;
				CLANG_WARN_OBJC_LITERAL_CONVERSION = YES;
				CLANG_WARN_OBJC_ROOT_CLASS = YES_ERROR;
				CLANG_WARN_RANGE_LOOP_ANALYSIS = YES;
				CLANG_WARN_STRICT_PROTOTYPES = YES;
				CLANG_WARN_SUSPICIOUS_MOVE = YES;
				CLANG_WARN_UNGUARDED_AVAILABILITY = YES_AGGRESSIVE;
				CLANG_WARN_UNREACHABLE_CODE = YES;
				CLANG_WARN__DUPLICATE_METHOD_MATCH = YES;
				CODE_SIGN_IDENTITY = "iPhone Developer";
				COPY_PHASE_STRIP = NO;
				CURRENT_PROJECT_VERSION = 1;
				DEBUG_INFORMATION_FORMAT = dwarf;
				ENABLE_STRICT_OBJC_MSGSEND = YES;
				ENABLE_TESTABILITY = YES;
				GCC_C_LANGUAGE_STANDARD = gnu11;
				GCC_DYNAMIC_NO_PIC = NO;
				GCC_NO_COMMON_BLOCKS = YES;
				GCC_OPTIMIZATION_LEVEL = 0;
				GCC_PREPROCESSOR_DEFINITIONS = (
					"DEBUG=1",
					"$(inherited)",
				);
				GCC_WARN_64_TO_32_BIT_CONVERSION = YES;
				GCC_WARN_ABOUT_RETURN_TYPE = YES_ERROR;
				GCC_WARN_UNDECLARED_SELECTOR = YES;
				GCC_WARN_UNINITIALIZED_AUTOS = YES_AGGRESSIVE;
				GCC_WARN_UNUSED_FUNCTION = YES;
				GCC_WARN_UNUSED_VARIABLE = YES;
				IPHONEOS_DEPLOYMENT_TARGET = 9.0;
				MTL_ENABLE_DEBUG_INFO = YES;
				ONLY_ACTIVE_ARCH = YES;
				SDKROOT = iphoneos;
				VERSIONING_SYSTEM = "apple-generic";
				VERSION_INFO_PREFIX = "";
			};
			name = Debug;
		};
		8BEA172920737CC100641A73 /* Release */ = {
			isa = XCBuildConfiguration;
			buildSettings = {
				ALWAYS_SEARCH_USER_PATHS = NO;
				CLANG_ANALYZER_NONNULL = YES;
				CLANG_ANALYZER_NUMBER_OBJECT_CONVERSION = YES_AGGRESSIVE;
				CLANG_CXX_LANGUAGE_STANDARD = "gnu++14";
				CLANG_CXX_LIBRARY = "libc++";
				CLANG_ENABLE_MODULES = YES;
				CLANG_ENABLE_OBJC_ARC = YES;
				CLANG_WARN_BLOCK_CAPTURE_AUTORELEASING = YES;
				CLANG_WARN_BOOL_CONVERSION = YES;
				CLANG_WARN_COMMA = YES;
				CLANG_WARN_CONSTANT_CONVERSION = YES;
				CLANG_WARN_DIRECT_OBJC_ISA_USAGE = YES_ERROR;
				CLANG_WARN_DOCUMENTATION_COMMENTS = YES;
				CLANG_WARN_EMPTY_BODY = YES;
				CLANG_WARN_ENUM_CONVERSION = YES;
				CLANG_WARN_INFINITE_RECURSION = YES;
				CLANG_WARN_INT_CONVERSION = YES;
				CLANG_WARN_NON_LITERAL_NULL_CONVERSION = YES;
				CLANG_WARN_OBJC_LITERAL_CONVERSION = YES;
				CLANG_WARN_OBJC_ROOT_CLASS = YES_ERROR;
				CLANG_WARN_RANGE_LOOP_ANALYSIS = YES;
				CLANG_WARN_STRICT_PROTOTYPES = YES;
				CLANG_WARN_SUSPICIOUS_MOVE = YES;
				CLANG_WARN_UNGUARDED_AVAILABILITY = YES_AGGRESSIVE;
				CLANG_WARN_UNREACHABLE_CODE = YES;
				CLANG_WARN__DUPLICATE_METHOD_MATCH = YES;
				CODE_SIGN_IDENTITY = "iPhone Developer";
				COPY_PHASE_STRIP = NO;
				CURRENT_PROJECT_VERSION = 1;
				DEBUG_INFORMATION_FORMAT = "dwarf-with-dsym";
				ENABLE_NS_ASSERTIONS = NO;
				ENABLE_STRICT_OBJC_MSGSEND = YES;
				GCC_C_LANGUAGE_STANDARD = gnu11;
				GCC_NO_COMMON_BLOCKS = YES;
				GCC_WARN_64_TO_32_BIT_CONVERSION = YES;
				GCC_WARN_ABOUT_RETURN_TYPE = YES_ERROR;
				GCC_WARN_UNDECLARED_SELECTOR = YES;
				GCC_WARN_UNINITIALIZED_AUTOS = YES_AGGRESSIVE;
				GCC_WARN_UNUSED_FUNCTION = YES;
				GCC_WARN_UNUSED_VARIABLE = YES;
				IPHONEOS_DEPLOYMENT_TARGET = 9.0;
				MTL_ENABLE_DEBUG_INFO = NO;
				SDKROOT = iphoneos;
				VALIDATE_PRODUCT = YES;
				VERSIONING_SYSTEM = "apple-generic";
				VERSION_INFO_PREFIX = "";
			};
			name = Release;
		};
		8BEA172B20737CC100641A73 /* Debug */ = {
			isa = XCBuildConfiguration;
			buildSettings = {
				CLANG_ENABLE_MODULES = YES;
				CODE_SIGN_IDENTITY = "";
				CODE_SIGN_STYLE = Automatic;
				DEFINES_MODULE = YES;
				DYLIB_COMPATIBILITY_VERSION = 1;
				DYLIB_CURRENT_VERSION = 1;
				DYLIB_INSTALL_NAME_BASE = "@rpath";
				ENABLE_BITCODE = NO;
				INFOPLIST_FILE = "$(SRCROOT)/MerchantServices/SupportingComponents/Supporting Files/Info.plist";
				INSTALL_PATH = "$(LOCAL_LIBRARY_DIR)/Frameworks";
				LD_RUNPATH_SEARCH_PATHS = "$(inherited) @executable_path/Frameworks @loader_path/Frameworks";
				ONLY_ACTIVE_ARCH = NO;
				PRODUCT_BUNDLE_IDENTIFIER = com.apple.com.MerchantServices;
				PRODUCT_NAME = "$(TARGET_NAME:c99extidentifier)";
				SKIP_INSTALL = YES;
				SWIFT_OBJC_BRIDGING_HEADER = "";
				SWIFT_OPTIMIZATION_LEVEL = "-Onone";
				SWIFT_VERSION = 3.0;
				TARGETED_DEVICE_FAMILY = "1,2";
				VALID_ARCHS = "arm64 armv7 armv7s x86_64 i386";
			};
			name = Debug;
		};
		8BEA172C20737CC100641A73 /* Release */ = {
			isa = XCBuildConfiguration;
			buildSettings = {
				CLANG_ENABLE_MODULES = YES;
				CODE_SIGN_IDENTITY = "";
				CODE_SIGN_STYLE = Automatic;
				DEFINES_MODULE = YES;
				DYLIB_COMPATIBILITY_VERSION = 1;
				DYLIB_CURRENT_VERSION = 1;
				DYLIB_INSTALL_NAME_BASE = "@rpath";
				ENABLE_BITCODE = NO;
				INFOPLIST_FILE = "$(SRCROOT)/MerchantServices/SupportingComponents/Supporting Files/Info.plist";
				INSTALL_PATH = "$(LOCAL_LIBRARY_DIR)/Frameworks";
				LD_RUNPATH_SEARCH_PATHS = "$(inherited) @executable_path/Frameworks @loader_path/Frameworks";
				ONLY_ACTIVE_ARCH = NO;
				PRODUCT_BUNDLE_IDENTIFIER = com.apple.com.MerchantServices;
				PRODUCT_NAME = "$(TARGET_NAME:c99extidentifier)";
				SKIP_INSTALL = YES;
				SWIFT_OBJC_BRIDGING_HEADER = "";
				SWIFT_VERSION = 3.0;
				TARGETED_DEVICE_FAMILY = "1,2";
				VALID_ARCHS = "arm64 armv7 armv7s x86_64 i386";
			};
			name = Release;
		};
		8BEA172E20737CC100641A73 /* Debug */ = {
			isa = XCBuildConfiguration;
			buildSettings = {
				CODE_SIGN_STYLE = Automatic;
				INFOPLIST_FILE = MerchantServicesTests/Info.plist;
				LD_RUNPATH_SEARCH_PATHS = "$(inherited) @executable_path/Frameworks @loader_path/Frameworks";
				PRODUCT_BUNDLE_IDENTIFIER = com.apple.com.MerchantServicesTests;
				PRODUCT_NAME = "$(TARGET_NAME)";
				TARGETED_DEVICE_FAMILY = "1,2";
			};
			name = Debug;
		};
		8BEA172F20737CC100641A73 /* Release */ = {
			isa = XCBuildConfiguration;
			buildSettings = {
				CODE_SIGN_STYLE = Automatic;
				INFOPLIST_FILE = MerchantServicesTests/Info.plist;
				LD_RUNPATH_SEARCH_PATHS = "$(inherited) @executable_path/Frameworks @loader_path/Frameworks";
				PRODUCT_BUNDLE_IDENTIFIER = com.apple.com.MerchantServicesTests;
				PRODUCT_NAME = "$(TARGET_NAME)";
				TARGETED_DEVICE_FAMILY = "1,2";
			};
			name = Release;
		};
/* End XCBuildConfiguration section */

/* Begin XCConfigurationList section */
		8BEA171020737CC000641A73 /* Build configuration list for PBXProject "MerchantServices" */ = {
			isa = XCConfigurationList;
			buildConfigurations = (
				8BEA172820737CC100641A73 /* Debug */,
				8BEA172920737CC100641A73 /* Release */,
			);
			defaultConfigurationIsVisible = 0;
			defaultConfigurationName = Release;
		};
		8BEA172A20737CC100641A73 /* Build configuration list for PBXNativeTarget "MerchantServices" */ = {
			isa = XCConfigurationList;
			buildConfigurations = (
				8BEA172B20737CC100641A73 /* Debug */,
				8BEA172C20737CC100641A73 /* Release */,
			);
			defaultConfigurationIsVisible = 0;
			defaultConfigurationName = Release;
		};
		8BEA172D20737CC100641A73 /* Build configuration list for PBXNativeTarget "MerchantServicesTests" */ = {
			isa = XCConfigurationList;
			buildConfigurations = (
				8BEA172E20737CC100641A73 /* Debug */,
				8BEA172F20737CC100641A73 /* Release */,
			);
			defaultConfigurationIsVisible = 0;
			defaultConfigurationName = Release;
		};
/* End XCConfigurationList section */
	};
	rootObject = 8BEA170D20737CC000641A73 /* Project object */;
}
