PODS:
  - Alamofire (4.9.0)
  - CocoaLumberjack (3.6.0):
    - CocoaLumberjack/Core (= 3.6.0)
  - CocoaLumberjack/Core (3.6.0)
  - MCSCommerceWeb (1.0.0-alpha1):
    - SVGKit (= 3.0.0beta3)
  - NVActivityIndicatorView (4.8.0):
    - NVActivityIndicatorView/Presenter (= 4.8.0)
  - NVActivityIndicatorView/Presenter (4.8.0)
  - SDWebImage (5.2.3):
    - SDWebImage/Core (= 5.2.3)
  - SDWebImage/Core (5.2.3)
  - SVGKit (3.0.0-beta3):
    - CocoaLumberjack (~> 3.0)

DEPENDENCIES:
  - Alamofire
  - MCSCommerceWeb (from `../../`)
  - NVActivityIndicatorView
  - SDWebImage

SPEC REPOS:
  https://github.com/CocoaPods/Specs.git:
    - Alamofire
    - CocoaLumberjack
    - NVActivityIndicatorView
    - SDWebImage
    - SVGKit

EXTERNAL SOURCES:
  MCSCommerceWeb:
    :path: "../../"

SPEC CHECKSUMS:
  Alamofire: afc3e7c6db61476cb45cdd23fed06bad03bbc321
  CocoaLumberjack: 78b0c238666f4f58db069738ec176f4519557516
  MCSCommerceWeb: f7f73dcf043f6bbc67351ca9be664bf7672fcb2a
  NVActivityIndicatorView: d24b7ebcf80af5dcd994adb650e2b6c93379270f
  SDWebImage: 46a7f73228f84ce80990c786e4372cf4db5875ce
  SVGKit: 35ddd1bb2f711bcb25227be8b356facccbffc32d

PODFILE CHECKSUM: 702603941f00f9bf4b6c890801d1114dfcb53e39

COCOAPODS: 1.8.4
