PODS:
  - Alamofire (4.9.1)
  - CocoaLumberjack (3.6.0):
    - CocoaLumberjack/Core (= 3.6.0)
  - CocoaLumberjack/Core (3.6.0)
  - MCSCommerceWeb (1.0.1):
    - SVGKit (= 3.0.0beta3)
  - NVActivityIndicatorView (4.8.0):
    - NVActivityIndicatorView/Presenter (= 4.8.0)
  - NVActivityIndicatorView/Presenter (4.8.0)
  - SDWebImage (5.4.2):
    - SDWebImage/Core (= 5.4.2)
  - SDWebImage/Core (5.4.2)
  - SVGKit (3.0.0-beta3):
    - CocoaLumberjack (~> 3.0)

DEPENDENCIES:
  - Alamofire
  - MCSCommerceWeb (from `../../MCSCommerceWeb.podspec`)
  - NVActivityIndicatorView
  - SDWebImage

SPEC REPOS:
  https://github.com/cocoapods/specs.git:
    - Alamofire
    - CocoaLumberjack
    - NVActivityIndicatorView
    - SDWebImage
    - SVGKit

EXTERNAL SOURCES:
  MCSCommerceWeb:
    :podspec: "../../MCSCommerceWeb.podspec"

SPEC CHECKSUMS:
  Alamofire: 85e8a02c69d6020a0d734f6054870d7ecb75cf18
  CocoaLumberjack: 78b0c238666f4f58db069738ec176f4519557516
  MCSCommerceWeb: 295ec4390000742a51595f03fcc27deff8201585
  NVActivityIndicatorView: d24b7ebcf80af5dcd994adb650e2b6c93379270f
  SDWebImage: 4ca2dc4eefae4224bea8f504251cda485a363745
  SVGKit: 35ddd1bb2f711bcb25227be8b356facccbffc32d

PODFILE CHECKSUM: 733cc194e398b0844284d5e8b080f7140bf8c922

COCOAPODS: 1.7.5
