// !$*UTF8*$!
{
	archiveVersion = 1;
	classes = {
	};
	objectVersion = 50;
	objects = {

/* Begin PBXBuildFile section */
		191D9F9422ADAB5600379703 /* MCSCheckoutButton.h in Headers */ = {isa = PBXBuildFile; fileRef = 191D9F9222ADAB5600379703 /* MCSCheckoutButton.h */; settings = {ATTRIBUTES = (Public, ); }; };
		191D9F9522ADAB5600379703 /* MCSCheckoutButton.m in Sources */ = {isa = PBXBuildFile; fileRef = 191D9F9322ADAB5600379703 /* MCSCheckoutButton.m */; };
		191D9FA622ADB63800379703 /* Sandbox.xcconfig in Resources */ = {isa = PBXBuildFile; fileRef = 191D9FA122ADB63700379703 /* Sandbox.xcconfig */; };
		191D9FA722ADB63800379703 /* Stage.xcconfig in Resources */ = {isa = PBXBuildFile; fileRef = 191D9FA222ADB63700379703 /* Stage.xcconfig */; };
		191D9FA822ADB63800379703 /* Debug.xcconfig in Resources */ = {isa = PBXBuildFile; fileRef = 191D9FA322ADB63800379703 /* Debug.xcconfig */; };
		191D9FA922ADB63800379703 /* Production.xcconfig in Resources */ = {isa = PBXBuildFile; fileRef = 191D9FA422ADB63800379703 /* Production.xcconfig */; };
		191D9FAA22ADB63800379703 /* Release.xcconfig in Resources */ = {isa = PBXBuildFile; fileRef = 191D9FA522ADB63800379703 /* Release.xcconfig */; };
		191D9FAC22ADB9F900379703 /* Common.xcconfig in Resources */ = {isa = PBXBuildFile; fileRef = 191D9FAB22ADB9F900379703 /* Common.xcconfig */; };
		191D9FAF22AEB24000379703 /* MCSCheckoutButtonManager.h in Headers */ = {isa = PBXBuildFile; fileRef = 191D9FAD22AEB24000379703 /* MCSCheckoutButtonManager.h */; };
		191D9FB022AEB24000379703 /* MCSCheckoutButtonManager.m in Sources */ = {isa = PBXBuildFile; fileRef = 191D9FAE22AEB24000379703 /* MCSCheckoutButtonManager.m */; };
		191D9FB322AEBAF100379703 /* MCSConfigurationManager.h in Headers */ = {isa = PBXBuildFile; fileRef = 191D9FB122AEBAF100379703 /* MCSConfigurationManager.h */; };
		191D9FB422AEBAF100379703 /* MCSConfigurationManager.m in Sources */ = {isa = PBXBuildFile; fileRef = 191D9FB222AEBAF100379703 /* MCSConfigurationManager.m */; };
		191D9FB822AEE05600379703 /* MCSCardTypes.h in Headers */ = {isa = PBXBuildFile; fileRef = 191D9FB622AEE05500379703 /* MCSCardTypes.h */; settings = {ATTRIBUTES = (Public, ); }; };
		191D9FB922AEE05600379703 /* MCSCardTypes.m in Sources */ = {isa = PBXBuildFile; fileRef = 191D9FB722AEE05500379703 /* MCSCardTypes.m */; };
		192EFCC222B2D90E0071CC71 /* MCSActivityIndicatorView.h in Headers */ = {isa = PBXBuildFile; fileRef = 192EFCC022B2D90E0071CC71 /* MCSActivityIndicatorView.h */; };
		192EFCC322B2D90E0071CC71 /* MCSActivityIndicatorView.m in Sources */ = {isa = PBXBuildFile; fileRef = 192EFCC122B2D90E0071CC71 /* MCSActivityIndicatorView.m */; };
		1933564522B0299900B7501F /* MCCSVGImage.h in Headers */ = {isa = PBXBuildFile; fileRef = 1933564322B0299900B7501F /* MCCSVGImage.h */; };
		1933564622B0299900B7501F /* MCCSVGImage.m in Sources */ = {isa = PBXBuildFile; fileRef = 1933564422B0299900B7501F /* MCCSVGImage.m */; };
		1934CB6A22B043570038909C /* MCSCheckoutButton+Private.h in Headers */ = {isa = PBXBuildFile; fileRef = 1934CB6922B043570038909C /* MCSCheckoutButton+Private.h */; };
		1934CB6C22B094F50038909C /* SVGTemplate.html in Resources */ = {isa = PBXBuildFile; fileRef = 1934CB6B22B094F50038909C /* SVGTemplate.html */; };
		1938731422A97798004CEFEE /* Images.xcassets in Resources */ = {isa = PBXBuildFile; fileRef = 1938731322A97798004CEFEE /* Images.xcassets */; };
		194A90C722A05FE90056DFC0 /* MCCCheckoutHelper.h in Headers */ = {isa = PBXBuildFile; fileRef = 194A90C522A05FE90056DFC0 /* MCCCheckoutHelper.h */; };
		194A90C822A05FE90056DFC0 /* MCCCheckoutHelper.m in Sources */ = {isa = PBXBuildFile; fileRef = 194A90C622A05FE90056DFC0 /* MCCCheckoutHelper.m */; };
		195FCD0722B6CFC4009B67DE /* MCSDelegateBridge.h in Headers */ = {isa = PBXBuildFile; fileRef = 195FCD0522B6CFC4009B67DE /* MCSDelegateBridge.h */; };
		195FCD0822B6CFC4009B67DE /* MCSDelegateBridge.m in Sources */ = {isa = PBXBuildFile; fileRef = 195FCD0622B6CFC4009B67DE /* MCSDelegateBridge.m */; };
		195FCD0B22B6D280009B67DE /* MCCConfigurationManager.h in Headers */ = {isa = PBXBuildFile; fileRef = 195FCD0922B6D280009B67DE /* MCCConfigurationManager.h */; };
		195FCD0C22B6D280009B67DE /* MCCConfigurationManager.m in Sources */ = {isa = PBXBuildFile; fileRef = 195FCD0A22B6D280009B67DE /* MCCConfigurationManager.m */; };
		1994C93D22A833F800886520 /* MCCErrors.m in Sources */ = {isa = PBXBuildFile; fileRef = 1994C93B22A833F800886520 /* MCCErrors.m */; };
		1994C93E22A833F800886520 /* MCCErrors.h in Headers */ = {isa = PBXBuildFile; fileRef = 1994C93C22A833F800886520 /* MCCErrors.h */; settings = {ATTRIBUTES = (Public, ); }; };
		19A0EBD62295EA40006B7AFA /* MCSCommerceWeb.framework in Frameworks */ = {isa = PBXBuildFile; fileRef = 19A0EBCC2295EA40006B7AFA /* MCSCommerceWeb.framework */; };
		19A0EBDB2295EA40006B7AFA /* MCSCommerceWebTests.m in Sources */ = {isa = PBXBuildFile; fileRef = 19A0EBDA2295EA40006B7AFA /* MCSCommerceWebTests.m */; };
		19A0EBFD22962C53006B7AFA /* MCSCheckoutRequest.h in Headers */ = {isa = PBXBuildFile; fileRef = 19A0EBE622962C52006B7AFA /* MCSCheckoutRequest.h */; settings = {ATTRIBUTES = (Public, ); }; };
		19A0EBFE22962C53006B7AFA /* MCSCheckoutResponse.h in Headers */ = {isa = PBXBuildFile; fileRef = 19A0EBE722962C52006B7AFA /* MCSCheckoutResponse.h */; settings = {ATTRIBUTES = (Public, ); }; };
		19A0EBFF22962C53006B7AFA /* MCSCommerceWeb.h in Headers */ = {isa = PBXBuildFile; fileRef = 19A0EBE822962C52006B7AFA /* MCSCommerceWeb.h */; settings = {ATTRIBUTES = (Public, ); }; };
		19A0EC0022962C53006B7AFA /* MCSCheckoutRequest.m in Sources */ = {isa = PBXBuildFile; fileRef = 19A0EBE922962C52006B7AFA /* MCSCheckoutRequest.m */; };
		19A0EC0122962C53006B7AFA /* MCSConfiguration.h in Headers */ = {isa = PBXBuildFile; fileRef = 19A0EBEA22962C52006B7AFA /* MCSConfiguration.h */; settings = {ATTRIBUTES = (Public, ); }; };
		19A0EC0222962C53006B7AFA /* MCSCryptoOptions.m in Sources */ = {isa = PBXBuildFile; fileRef = 19A0EBEB22962C53006B7AFA /* MCSCryptoOptions.m */; };
		19A0EC0322962C53006B7AFA /* MCSCheckoutResponse.m in Sources */ = {isa = PBXBuildFile; fileRef = 19A0EBEC22962C53006B7AFA /* MCSCheckoutResponse.m */; };
		19A0EC0422962C53006B7AFA /* MCSConfiguration.m in Sources */ = {isa = PBXBuildFile; fileRef = 19A0EBED22962C53006B7AFA /* MCSConfiguration.m */; };
		19A0EC0522962C53006B7AFA /* MCSCheckoutStatus.h in Headers */ = {isa = PBXBuildFile; fileRef = 19A0EBEE22962C53006B7AFA /* MCSCheckoutStatus.h */; settings = {ATTRIBUTES = (Public, ); }; };
		19A0EC0622962C53006B7AFA /* MCSCryptoOptions.h in Headers */ = {isa = PBXBuildFile; fileRef = 19A0EBEF22962C53006B7AFA /* MCSCryptoOptions.h */; settings = {ATTRIBUTES = (Public, ); }; };
		19A0EC0722962C53006B7AFA /* MCSCommerceWeb.m in Sources */ = {isa = PBXBuildFile; fileRef = 19A0EBF022962C53006B7AFA /* MCSCommerceWeb.m */; };
		19A0EC0822962C53006B7AFA /* MCSCheckoutUrlBuilder.h in Headers */ = {isa = PBXBuildFile; fileRef = 19A0EBF222962C53006B7AFA /* MCSCheckoutUrlBuilder.h */; };
		19A0EC0922962C53006B7AFA /* MCSViewControllerManager.h in Headers */ = {isa = PBXBuildFile; fileRef = 19A0EBF322962C53006B7AFA /* MCSViewControllerManager.h */; };
		19A0EC0A22962C53006B7AFA /* MCSCheckoutRouter.h in Headers */ = {isa = PBXBuildFile; fileRef = 19A0EBF422962C53006B7AFA /* MCSCheckoutRouter.h */; };
		19A0EC0B22962C53006B7AFA /* MCSSafariViewControllerManager.h in Headers */ = {isa = PBXBuildFile; fileRef = 19A0EBF522962C53006B7AFA /* MCSSafariViewControllerManager.h */; };
		19A0EC0C22962C53006B7AFA /* MCSWebViewControllerManager.h in Headers */ = {isa = PBXBuildFile; fileRef = 19A0EBF622962C53006B7AFA /* MCSWebViewControllerManager.h */; };
		19A0EC0D22962C53006B7AFA /* MCSWebViewController.m in Sources */ = {isa = PBXBuildFile; fileRef = 19A0EBF722962C53006B7AFA /* MCSWebViewController.m */; };
		19A0EC0E22962C53006B7AFA /* MCSCheckoutUrlBuilder.m in Sources */ = {isa = PBXBuildFile; fileRef = 19A0EBF822962C53006B7AFA /* MCSCheckoutUrlBuilder.m */; };
		19A0EC0F22962C53006B7AFA /* MCSCheckoutRouter.m in Sources */ = {isa = PBXBuildFile; fileRef = 19A0EBF922962C53006B7AFA /* MCSCheckoutRouter.m */; };
		19A0EC1022962C53006B7AFA /* MCSSafariViewControllerManager.m in Sources */ = {isa = PBXBuildFile; fileRef = 19A0EBFA22962C53006B7AFA /* MCSSafariViewControllerManager.m */; };
		19A0EC1122962C53006B7AFA /* MCSWebViewController.h in Headers */ = {isa = PBXBuildFile; fileRef = 19A0EBFB22962C53006B7AFA /* MCSWebViewController.h */; };
		19A0EC1222962C53006B7AFA /* MCSWebViewControllerManager.m in Sources */ = {isa = PBXBuildFile; fileRef = 19A0EBFC22962C53006B7AFA /* MCSWebViewControllerManager.m */; };
		19A0EFA8229F0961006B7AFA /* MCCCheckoutRequest.m in Sources */ = {isa = PBXBuildFile; fileRef = 19A0EF8B229F095C006B7AFA /* MCCCheckoutRequest.m */; };
		19A0EFA9229F0961006B7AFA /* MCCMerchantConstants.m in Sources */ = {isa = PBXBuildFile; fileRef = 19A0EF8C229F095C006B7AFA /* MCCMerchantConstants.m */; };
		19A0EFAA229F0961006B7AFA /* MCCMerchantConstants.h in Headers */ = {isa = PBXBuildFile; fileRef = 19A0EF8D229F095C006B7AFA /* MCCMerchantConstants.h */; settings = {ATTRIBUTES = (Public, ); }; };
		19A0EFAB229F0961006B7AFA /* MCCCryptogram.m in Sources */ = {isa = PBXBuildFile; fileRef = 19A0EF8E229F095C006B7AFA /* MCCCryptogram.m */; };
		19A0EFAC229F0961006B7AFA /* MCCAmount.m in Sources */ = {isa = PBXBuildFile; fileRef = 19A0EF8F229F095C006B7AFA /* MCCAmount.m */; };
		19A0EFAD229F0961006B7AFA /* MCCCheckoutResponse.h in Headers */ = {isa = PBXBuildFile; fileRef = 19A0EF90229F095D006B7AFA /* MCCCheckoutResponse.h */; settings = {ATTRIBUTES = (Public, ); }; };
		19A0EFAE229F0961006B7AFA /* MCCAmount.h in Headers */ = {isa = PBXBuildFile; fileRef = 19A0EF91229F095D006B7AFA /* MCCAmount.h */; settings = {ATTRIBUTES = (Public, ); }; };
		19A0EFAF229F0961006B7AFA /* MCCCheckoutRequest.h in Headers */ = {isa = PBXBuildFile; fileRef = 19A0EF92229F095D006B7AFA /* MCCCheckoutRequest.h */; settings = {ATTRIBUTES = (Public, ); }; };
		19A0EFB0229F0961006B7AFA /* MCCMerchantConstants+Private.m in Sources */ = {isa = PBXBuildFile; fileRef = 19A0EF93229F095D006B7AFA /* MCCMerchantConstants+Private.m */; };
		19A0EFB1229F0961006B7AFA /* MCCCardType.h in Headers */ = {isa = PBXBuildFile; fileRef = 19A0EF94229F095D006B7AFA /* MCCCardType.h */; settings = {ATTRIBUTES = (Public, ); }; };
		19A0EFB3229F0961006B7AFA /* MCCConfiguration.m in Sources */ = {isa = PBXBuildFile; fileRef = 19A0EF96229F095E006B7AFA /* MCCConfiguration.m */; };
		19A0EFB4229F0961006B7AFA /* MCCConfiguration.h in Headers */ = {isa = PBXBuildFile; fileRef = 19A0EF97229F095E006B7AFA /* MCCConfiguration.h */; settings = {ATTRIBUTES = (Public, ); }; };
		19A0EFB5229F0961006B7AFA /* MCCMasterpassButton.h in Headers */ = {isa = PBXBuildFile; fileRef = 19A0EF98229F095E006B7AFA /* MCCMasterpassButton.h */; settings = {ATTRIBUTES = (Public, ); }; };
		19A0EFB6229F0961006B7AFA /* MCCCardType.m in Sources */ = {isa = PBXBuildFile; fileRef = 19A0EF99229F095E006B7AFA /* MCCCardType.m */; };
		19A0EFB8229F0961006B7AFA /* MCCMerchantConstants+Private.h in Headers */ = {isa = PBXBuildFile; fileRef = 19A0EF9B229F095F006B7AFA /* MCCMerchantConstants+Private.h */; };
		19A0EFB9229F0961006B7AFA /* MCCCryptogram.h in Headers */ = {isa = PBXBuildFile; fileRef = 19A0EF9C229F095F006B7AFA /* MCCCryptogram.h */; settings = {ATTRIBUTES = (Public, ); }; };
		19A0EFBA229F0961006B7AFA /* MCCMerchant.h in Headers */ = {isa = PBXBuildFile; fileRef = 19A0EF9D229F095F006B7AFA /* MCCMerchant.h */; settings = {ATTRIBUTES = (Public, ); }; };
		19A0EFBC229F0961006B7AFA /* MCCCheckoutResponse.m in Sources */ = {isa = PBXBuildFile; fileRef = 19A0EF9F229F095F006B7AFA /* MCCCheckoutResponse.m */; };
		19A0EFBD229F0961006B7AFA /* MCCMasterpassButton.m in Sources */ = {isa = PBXBuildFile; fileRef = 19A0EFA0229F095F006B7AFA /* MCCMasterpassButton.m */; };
		19A0EFC0229F0961006B7AFA /* MCCMerchantDelegate.h in Headers */ = {isa = PBXBuildFile; fileRef = 19A0EFA3229F0960006B7AFA /* MCCMerchantDelegate.h */; settings = {ATTRIBUTES = (Public, ); }; };
		19A0EFC1229F0961006B7AFA /* MCCPaymentMethod.m in Sources */ = {isa = PBXBuildFile; fileRef = 19A0EFA4229F0960006B7AFA /* MCCPaymentMethod.m */; };
		19A0EFC3229F0961006B7AFA /* MCCPaymentMethod.h in Headers */ = {isa = PBXBuildFile; fileRef = 19A0EFA6229F0961006B7AFA /* MCCPaymentMethod.h */; settings = {ATTRIBUTES = (Public, ); }; };
		19A0EFCE229F0F24006B7AFA /* MCCMerchantProtocol.h in Headers */ = {isa = PBXBuildFile; fileRef = 19A0EFCB229F0F24006B7AFA /* MCCMerchantProtocol.h */; };
		19A0EFD6229F1471006B7AFA /* MCFEnvironmentConfiguration.m in Sources */ = {isa = PBXBuildFile; fileRef = 19A0EFD4229F1471006B7AFA /* MCFEnvironmentConfiguration.m */; };
		19A0EFD7229F1471006B7AFA /* MCFEnvironmentConfiguration.h in Headers */ = {isa = PBXBuildFile; fileRef = 19A0EFD5229F1471006B7AFA /* MCFEnvironmentConfiguration.h */; };
		19A0EFDC229F14CA006B7AFA /* MCFCoreConstants+Private.m in Sources */ = {isa = PBXBuildFile; fileRef = 19A0EFD8229F14C9006B7AFA /* MCFCoreConstants+Private.m */; };
		19A0EFDD229F14CA006B7AFA /* MCFCoreConstants.m in Sources */ = {isa = PBXBuildFile; fileRef = 19A0EFD9229F14CA006B7AFA /* MCFCoreConstants.m */; };
		19A0EFDE229F14CA006B7AFA /* MCFCoreConstants.h in Headers */ = {isa = PBXBuildFile; fileRef = 19A0EFDA229F14CA006B7AFA /* MCFCoreConstants.h */; };
		19A0EFDF229F14CA006B7AFA /* MCFCoreConstants+Private.h in Headers */ = {isa = PBXBuildFile; fileRef = 19A0EFDB229F14CA006B7AFA /* MCFCoreConstants+Private.h */; };
		19A0EFF5229F181D006B7AFA /* MCCMerchant.m in Sources */ = {isa = PBXBuildFile; fileRef = 19A0EFF4229F181D006B7AFA /* MCCMerchant.m */; };
/* End PBXBuildFile section */

/* Begin PBXContainerItemProxy section */
		19A0EBD72295EA40006B7AFA /* PBXContainerItemProxy */ = {
			isa = PBXContainerItemProxy;
			containerPortal = 19A0EBC32295EA40006B7AFA /* Project object */;
			proxyType = 1;
			remoteGlobalIDString = 19A0EBCB2295EA40006B7AFA;
			remoteInfo = MCSCommerceWeb;
		};
/* End PBXContainerItemProxy section */

/* Begin PBXFileReference section */
		191D9F9222ADAB5600379703 /* MCSCheckoutButton.h */ = {isa = PBXFileReference; lastKnownFileType = sourcecode.c.h; path = MCSCheckoutButton.h; sourceTree = "<group>"; };
		191D9F9322ADAB5600379703 /* MCSCheckoutButton.m */ = {isa = PBXFileReference; lastKnownFileType = sourcecode.c.objc; path = MCSCheckoutButton.m; sourceTree = "<group>"; };
		191D9FA122ADB63700379703 /* Sandbox.xcconfig */ = {isa = PBXFileReference; fileEncoding = 4; lastKnownFileType = text.xcconfig; path = Sandbox.xcconfig; sourceTree = "<group>"; };
		191D9FA222ADB63700379703 /* Stage.xcconfig */ = {isa = PBXFileReference; fileEncoding = 4; lastKnownFileType = text.xcconfig; path = Stage.xcconfig; sourceTree = "<group>"; };
		191D9FA322ADB63800379703 /* Debug.xcconfig */ = {isa = PBXFileReference; fileEncoding = 4; lastKnownFileType = text.xcconfig; path = Debug.xcconfig; sourceTree = "<group>"; };
		191D9FA422ADB63800379703 /* Production.xcconfig */ = {isa = PBXFileReference; fileEncoding = 4; lastKnownFileType = text.xcconfig; path = Production.xcconfig; sourceTree = "<group>"; };
		191D9FA522ADB63800379703 /* Release.xcconfig */ = {isa = PBXFileReference; fileEncoding = 4; lastKnownFileType = text.xcconfig; path = Release.xcconfig; sourceTree = "<group>"; };
		191D9FAB22ADB9F900379703 /* Common.xcconfig */ = {isa = PBXFileReference; fileEncoding = 4; lastKnownFileType = text.xcconfig; path = Common.xcconfig; sourceTree = "<group>"; };
		191D9FAD22AEB24000379703 /* MCSCheckoutButtonManager.h */ = {isa = PBXFileReference; lastKnownFileType = sourcecode.c.h; path = MCSCheckoutButtonManager.h; sourceTree = "<group>"; };
		191D9FAE22AEB24000379703 /* MCSCheckoutButtonManager.m */ = {isa = PBXFileReference; lastKnownFileType = sourcecode.c.objc; path = MCSCheckoutButtonManager.m; sourceTree = "<group>"; };
		191D9FB122AEBAF100379703 /* MCSConfigurationManager.h */ = {isa = PBXFileReference; lastKnownFileType = sourcecode.c.h; path = MCSConfigurationManager.h; sourceTree = "<group>"; };
		191D9FB222AEBAF100379703 /* MCSConfigurationManager.m */ = {isa = PBXFileReference; lastKnownFileType = sourcecode.c.objc; path = MCSConfigurationManager.m; sourceTree = "<group>"; };
		191D9FB622AEE05500379703 /* MCSCardTypes.h */ = {isa = PBXFileReference; lastKnownFileType = sourcecode.c.h; path = MCSCardTypes.h; sourceTree = "<group>"; };
		191D9FB722AEE05500379703 /* MCSCardTypes.m */ = {isa = PBXFileReference; lastKnownFileType = sourcecode.c.objc; path = MCSCardTypes.m; sourceTree = "<group>"; };
		192EFCC022B2D90E0071CC71 /* MCSActivityIndicatorView.h */ = {isa = PBXFileReference; lastKnownFileType = sourcecode.c.h; path = MCSActivityIndicatorView.h; sourceTree = "<group>"; };
		192EFCC122B2D90E0071CC71 /* MCSActivityIndicatorView.m */ = {isa = PBXFileReference; lastKnownFileType = sourcecode.c.objc; path = MCSActivityIndicatorView.m; sourceTree = "<group>"; };
		1933564322B0299900B7501F /* MCCSVGImage.h */ = {isa = PBXFileReference; fileEncoding = 4; lastKnownFileType = sourcecode.c.h; path = MCCSVGImage.h; sourceTree = "<group>"; };
		1933564422B0299900B7501F /* MCCSVGImage.m */ = {isa = PBXFileReference; fileEncoding = 4; lastKnownFileType = sourcecode.c.objc; path = MCCSVGImage.m; sourceTree = "<group>"; };
		1934CB6922B043570038909C /* MCSCheckoutButton+Private.h */ = {isa = PBXFileReference; lastKnownFileType = sourcecode.c.h; path = "MCSCheckoutButton+Private.h"; sourceTree = "<group>"; };
		1934CB6B22B094F50038909C /* SVGTemplate.html */ = {isa = PBXFileReference; fileEncoding = 4; lastKnownFileType = text.html; path = SVGTemplate.html; sourceTree = "<group>"; };
		1938731322A97798004CEFEE /* Images.xcassets */ = {isa = PBXFileReference; lastKnownFileType = folder.assetcatalog; path = Images.xcassets; sourceTree = "<group>"; };
		194A90C522A05FE90056DFC0 /* MCCCheckoutHelper.h */ = {isa = PBXFileReference; lastKnownFileType = sourcecode.c.h; path = MCCCheckoutHelper.h; sourceTree = "<group>"; };
		194A90C622A05FE90056DFC0 /* MCCCheckoutHelper.m */ = {isa = PBXFileReference; lastKnownFileType = sourcecode.c.objc; path = MCCCheckoutHelper.m; sourceTree = "<group>"; };
		195FCD0522B6CFC4009B67DE /* MCSDelegateBridge.h */ = {isa = PBXFileReference; lastKnownFileType = sourcecode.c.h; path = MCSDelegateBridge.h; sourceTree = "<group>"; };
		195FCD0622B6CFC4009B67DE /* MCSDelegateBridge.m */ = {isa = PBXFileReference; lastKnownFileType = sourcecode.c.objc; path = MCSDelegateBridge.m; sourceTree = "<group>"; };
		195FCD0922B6D280009B67DE /* MCCConfigurationManager.h */ = {isa = PBXFileReference; lastKnownFileType = sourcecode.c.h; path = MCCConfigurationManager.h; sourceTree = "<group>"; };
		195FCD0A22B6D280009B67DE /* MCCConfigurationManager.m */ = {isa = PBXFileReference; lastKnownFileType = sourcecode.c.objc; path = MCCConfigurationManager.m; sourceTree = "<group>"; };
		196DBED222AA1F3B00A05E38 /* Info.plist */ = {isa = PBXFileReference; fileEncoding = 4; lastKnownFileType = text.plist.xml; path = Info.plist; sourceTree = "<group>"; };
		1994C93B22A833F800886520 /* MCCErrors.m */ = {isa = PBXFileReference; fileEncoding = 4; lastKnownFileType = sourcecode.c.objc; path = MCCErrors.m; sourceTree = "<group>"; };
		1994C93C22A833F800886520 /* MCCErrors.h */ = {isa = PBXFileReference; fileEncoding = 4; lastKnownFileType = sourcecode.c.h; path = MCCErrors.h; sourceTree = "<group>"; };
		19A0EBCC2295EA40006B7AFA /* MCSCommerceWeb.framework */ = {isa = PBXFileReference; explicitFileType = wrapper.framework; includeInIndex = 0; path = MCSCommerceWeb.framework; sourceTree = BUILT_PRODUCTS_DIR; };
		19A0EBD52295EA40006B7AFA /* MCSCommerceWebTests.xctest */ = {isa = PBXFileReference; explicitFileType = wrapper.cfbundle; includeInIndex = 0; path = MCSCommerceWebTests.xctest; sourceTree = BUILT_PRODUCTS_DIR; };
		19A0EBDA2295EA40006B7AFA /* MCSCommerceWebTests.m */ = {isa = PBXFileReference; lastKnownFileType = sourcecode.c.objc; path = MCSCommerceWebTests.m; sourceTree = "<group>"; };
		19A0EBDC2295EA40006B7AFA /* Info.plist */ = {isa = PBXFileReference; lastKnownFileType = text.plist.xml; path = Info.plist; sourceTree = "<group>"; };
		19A0EBE622962C52006B7AFA /* MCSCheckoutRequest.h */ = {isa = PBXFileReference; fileEncoding = 4; lastKnownFileType = sourcecode.c.h; path = MCSCheckoutRequest.h; sourceTree = "<group>"; };
		19A0EBE722962C52006B7AFA /* MCSCheckoutResponse.h */ = {isa = PBXFileReference; fileEncoding = 4; lastKnownFileType = sourcecode.c.h; path = MCSCheckoutResponse.h; sourceTree = "<group>"; };
		19A0EBE822962C52006B7AFA /* MCSCommerceWeb.h */ = {isa = PBXFileReference; fileEncoding = 4; lastKnownFileType = sourcecode.c.h; path = MCSCommerceWeb.h; sourceTree = "<group>"; };
		19A0EBE922962C52006B7AFA /* MCSCheckoutRequest.m */ = {isa = PBXFileReference; fileEncoding = 4; lastKnownFileType = sourcecode.c.objc; path = MCSCheckoutRequest.m; sourceTree = "<group>"; };
		19A0EBEA22962C52006B7AFA /* MCSConfiguration.h */ = {isa = PBXFileReference; fileEncoding = 4; lastKnownFileType = sourcecode.c.h; path = MCSConfiguration.h; sourceTree = "<group>"; };
		19A0EBEB22962C53006B7AFA /* MCSCryptoOptions.m */ = {isa = PBXFileReference; fileEncoding = 4; lastKnownFileType = sourcecode.c.objc; path = MCSCryptoOptions.m; sourceTree = "<group>"; };
		19A0EBEC22962C53006B7AFA /* MCSCheckoutResponse.m */ = {isa = PBXFileReference; fileEncoding = 4; lastKnownFileType = sourcecode.c.objc; path = MCSCheckoutResponse.m; sourceTree = "<group>"; };
		19A0EBED22962C53006B7AFA /* MCSConfiguration.m */ = {isa = PBXFileReference; fileEncoding = 4; lastKnownFileType = sourcecode.c.objc; path = MCSConfiguration.m; sourceTree = "<group>"; };
		19A0EBEE22962C53006B7AFA /* MCSCheckoutStatus.h */ = {isa = PBXFileReference; fileEncoding = 4; lastKnownFileType = sourcecode.c.h; path = MCSCheckoutStatus.h; sourceTree = "<group>"; };
		19A0EBEF22962C53006B7AFA /* MCSCryptoOptions.h */ = {isa = PBXFileReference; fileEncoding = 4; lastKnownFileType = sourcecode.c.h; path = MCSCryptoOptions.h; sourceTree = "<group>"; };
		19A0EBF022962C53006B7AFA /* MCSCommerceWeb.m */ = {isa = PBXFileReference; fileEncoding = 4; lastKnownFileType = sourcecode.c.objc; path = MCSCommerceWeb.m; sourceTree = "<group>"; };
		19A0EBF222962C53006B7AFA /* MCSCheckoutUrlBuilder.h */ = {isa = PBXFileReference; fileEncoding = 4; lastKnownFileType = sourcecode.c.h; path = MCSCheckoutUrlBuilder.h; sourceTree = "<group>"; };
		19A0EBF322962C53006B7AFA /* MCSViewControllerManager.h */ = {isa = PBXFileReference; fileEncoding = 4; lastKnownFileType = sourcecode.c.h; path = MCSViewControllerManager.h; sourceTree = "<group>"; };
		19A0EBF422962C53006B7AFA /* MCSCheckoutRouter.h */ = {isa = PBXFileReference; fileEncoding = 4; lastKnownFileType = sourcecode.c.h; path = MCSCheckoutRouter.h; sourceTree = "<group>"; };
		19A0EBF522962C53006B7AFA /* MCSSafariViewControllerManager.h */ = {isa = PBXFileReference; fileEncoding = 4; lastKnownFileType = sourcecode.c.h; path = MCSSafariViewControllerManager.h; sourceTree = "<group>"; };
		19A0EBF622962C53006B7AFA /* MCSWebViewControllerManager.h */ = {isa = PBXFileReference; fileEncoding = 4; lastKnownFileType = sourcecode.c.h; path = MCSWebViewControllerManager.h; sourceTree = "<group>"; };
		19A0EBF722962C53006B7AFA /* MCSWebViewController.m */ = {isa = PBXFileReference; fileEncoding = 4; lastKnownFileType = sourcecode.c.objc; path = MCSWebViewController.m; sourceTree = "<group>"; };
		19A0EBF822962C53006B7AFA /* MCSCheckoutUrlBuilder.m */ = {isa = PBXFileReference; fileEncoding = 4; lastKnownFileType = sourcecode.c.objc; path = MCSCheckoutUrlBuilder.m; sourceTree = "<group>"; };
		19A0EBF922962C53006B7AFA /* MCSCheckoutRouter.m */ = {isa = PBXFileReference; fileEncoding = 4; lastKnownFileType = sourcecode.c.objc; path = MCSCheckoutRouter.m; sourceTree = "<group>"; };
		19A0EBFA22962C53006B7AFA /* MCSSafariViewControllerManager.m */ = {isa = PBXFileReference; fileEncoding = 4; lastKnownFileType = sourcecode.c.objc; path = MCSSafariViewControllerManager.m; sourceTree = "<group>"; };
		19A0EBFB22962C53006B7AFA /* MCSWebViewController.h */ = {isa = PBXFileReference; fileEncoding = 4; lastKnownFileType = sourcecode.c.h; path = MCSWebViewController.h; sourceTree = "<group>"; };
		19A0EBFC22962C53006B7AFA /* MCSWebViewControllerManager.m */ = {isa = PBXFileReference; fileEncoding = 4; lastKnownFileType = sourcecode.c.objc; path = MCSWebViewControllerManager.m; sourceTree = "<group>"; };
		19A0EF8B229F095C006B7AFA /* MCCCheckoutRequest.m */ = {isa = PBXFileReference; fileEncoding = 4; lastKnownFileType = sourcecode.c.objc; path = MCCCheckoutRequest.m; sourceTree = "<group>"; };
		19A0EF8C229F095C006B7AFA /* MCCMerchantConstants.m */ = {isa = PBXFileReference; fileEncoding = 4; lastKnownFileType = sourcecode.c.objc; path = MCCMerchantConstants.m; sourceTree = "<group>"; };
		19A0EF8D229F095C006B7AFA /* MCCMerchantConstants.h */ = {isa = PBXFileReference; fileEncoding = 4; lastKnownFileType = sourcecode.c.h; path = MCCMerchantConstants.h; sourceTree = "<group>"; };
		19A0EF8E229F095C006B7AFA /* MCCCryptogram.m */ = {isa = PBXFileReference; fileEncoding = 4; lastKnownFileType = sourcecode.c.objc; path = MCCCryptogram.m; sourceTree = "<group>"; };
		19A0EF8F229F095C006B7AFA /* MCCAmount.m */ = {isa = PBXFileReference; fileEncoding = 4; lastKnownFileType = sourcecode.c.objc; path = MCCAmount.m; sourceTree = "<group>"; };
		19A0EF90229F095D006B7AFA /* MCCCheckoutResponse.h */ = {isa = PBXFileReference; fileEncoding = 4; lastKnownFileType = sourcecode.c.h; path = MCCCheckoutResponse.h; sourceTree = "<group>"; };
		19A0EF91229F095D006B7AFA /* MCCAmount.h */ = {isa = PBXFileReference; fileEncoding = 4; lastKnownFileType = sourcecode.c.h; path = MCCAmount.h; sourceTree = "<group>"; };
		19A0EF92229F095D006B7AFA /* MCCCheckoutRequest.h */ = {isa = PBXFileReference; fileEncoding = 4; lastKnownFileType = sourcecode.c.h; path = MCCCheckoutRequest.h; sourceTree = "<group>"; };
		19A0EF93229F095D006B7AFA /* MCCMerchantConstants+Private.m */ = {isa = PBXFileReference; fileEncoding = 4; lastKnownFileType = sourcecode.c.objc; path = "MCCMerchantConstants+Private.m"; sourceTree = "<group>"; };
		19A0EF94229F095D006B7AFA /* MCCCardType.h */ = {isa = PBXFileReference; fileEncoding = 4; lastKnownFileType = sourcecode.c.h; path = MCCCardType.h; sourceTree = "<group>"; };
		19A0EF96229F095E006B7AFA /* MCCConfiguration.m */ = {isa = PBXFileReference; fileEncoding = 4; lastKnownFileType = sourcecode.c.objc; path = MCCConfiguration.m; sourceTree = "<group>"; };
		19A0EF97229F095E006B7AFA /* MCCConfiguration.h */ = {isa = PBXFileReference; fileEncoding = 4; lastKnownFileType = sourcecode.c.h; path = MCCConfiguration.h; sourceTree = "<group>"; };
		19A0EF98229F095E006B7AFA /* MCCMasterpassButton.h */ = {isa = PBXFileReference; fileEncoding = 4; lastKnownFileType = sourcecode.c.h; path = MCCMasterpassButton.h; sourceTree = "<group>"; };
		19A0EF99229F095E006B7AFA /* MCCCardType.m */ = {isa = PBXFileReference; fileEncoding = 4; lastKnownFileType = sourcecode.c.objc; path = MCCCardType.m; sourceTree = "<group>"; };
		19A0EF9B229F095F006B7AFA /* MCCMerchantConstants+Private.h */ = {isa = PBXFileReference; fileEncoding = 4; lastKnownFileType = sourcecode.c.h; path = "MCCMerchantConstants+Private.h"; sourceTree = "<group>"; };
		19A0EF9C229F095F006B7AFA /* MCCCryptogram.h */ = {isa = PBXFileReference; fileEncoding = 4; lastKnownFileType = sourcecode.c.h; path = MCCCryptogram.h; sourceTree = "<group>"; };
		19A0EF9D229F095F006B7AFA /* MCCMerchant.h */ = {isa = PBXFileReference; fileEncoding = 4; lastKnownFileType = sourcecode.c.h; path = MCCMerchant.h; sourceTree = "<group>"; };
		19A0EF9F229F095F006B7AFA /* MCCCheckoutResponse.m */ = {isa = PBXFileReference; fileEncoding = 4; lastKnownFileType = sourcecode.c.objc; path = MCCCheckoutResponse.m; sourceTree = "<group>"; };
		19A0EFA0229F095F006B7AFA /* MCCMasterpassButton.m */ = {isa = PBXFileReference; fileEncoding = 4; lastKnownFileType = sourcecode.c.objc; path = MCCMasterpassButton.m; sourceTree = "<group>"; };
		19A0EFA3229F0960006B7AFA /* MCCMerchantDelegate.h */ = {isa = PBXFileReference; fileEncoding = 4; lastKnownFileType = sourcecode.c.h; path = MCCMerchantDelegate.h; sourceTree = "<group>"; };
		19A0EFA4229F0960006B7AFA /* MCCPaymentMethod.m */ = {isa = PBXFileReference; fileEncoding = 4; lastKnownFileType = sourcecode.c.objc; path = MCCPaymentMethod.m; sourceTree = "<group>"; };
		19A0EFA6229F0961006B7AFA /* MCCPaymentMethod.h */ = {isa = PBXFileReference; fileEncoding = 4; lastKnownFileType = sourcecode.c.h; path = MCCPaymentMethod.h; sourceTree = "<group>"; };
		19A0EFCB229F0F24006B7AFA /* MCCMerchantProtocol.h */ = {isa = PBXFileReference; fileEncoding = 4; lastKnownFileType = sourcecode.c.h; path = MCCMerchantProtocol.h; sourceTree = "<group>"; };
		19A0EFD4229F1471006B7AFA /* MCFEnvironmentConfiguration.m */ = {isa = PBXFileReference; fileEncoding = 4; lastKnownFileType = sourcecode.c.objc; path = MCFEnvironmentConfiguration.m; sourceTree = "<group>"; };
		19A0EFD5229F1471006B7AFA /* MCFEnvironmentConfiguration.h */ = {isa = PBXFileReference; fileEncoding = 4; lastKnownFileType = sourcecode.c.h; path = MCFEnvironmentConfiguration.h; sourceTree = "<group>"; };
		19A0EFD8229F14C9006B7AFA /* MCFCoreConstants+Private.m */ = {isa = PBXFileReference; fileEncoding = 4; lastKnownFileType = sourcecode.c.objc; path = "MCFCoreConstants+Private.m"; sourceTree = "<group>"; };
		19A0EFD9229F14CA006B7AFA /* MCFCoreConstants.m */ = {isa = PBXFileReference; fileEncoding = 4; lastKnownFileType = sourcecode.c.objc; path = MCFCoreConstants.m; sourceTree = "<group>"; };
		19A0EFDA229F14CA006B7AFA /* MCFCoreConstants.h */ = {isa = PBXFileReference; fileEncoding = 4; lastKnownFileType = sourcecode.c.h; path = MCFCoreConstants.h; sourceTree = "<group>"; };
		19A0EFDB229F14CA006B7AFA /* MCFCoreConstants+Private.h */ = {isa = PBXFileReference; fileEncoding = 4; lastKnownFileType = sourcecode.c.h; path = "MCFCoreConstants+Private.h"; sourceTree = "<group>"; };
		19A0EFF4229F181D006B7AFA /* MCCMerchant.m */ = {isa = PBXFileReference; fileEncoding = 4; lastKnownFileType = sourcecode.c.objc; path = MCCMerchant.m; sourceTree = "<group>"; };
/* End PBXFileReference section */

/* Begin PBXFrameworksBuildPhase section */
		19A0EBC92295EA40006B7AFA /* Frameworks */ = {
			isa = PBXFrameworksBuildPhase;
			buildActionMask = 2147483647;
			files = (
			);
			runOnlyForDeploymentPostprocessing = 0;
		};
		19A0EBD22295EA40006B7AFA /* Frameworks */ = {
			isa = PBXFrameworksBuildPhase;
			buildActionMask = 2147483647;
			files = (
				19A0EBD62295EA40006B7AFA /* MCSCommerceWeb.framework in Frameworks */,
			);
			runOnlyForDeploymentPostprocessing = 0;
		};
/* End PBXFrameworksBuildPhase section */

/* Begin PBXGroup section */
		191D9F9622ADAB6400379703 /* MCSCheckoutButton */ = {
			isa = PBXGroup;
			children = (
				1934CB6922B043570038909C /* MCSCheckoutButton+Private.h */,
				191D9F9322ADAB5600379703 /* MCSCheckoutButton.m */,
				191D9FAD22AEB24000379703 /* MCSCheckoutButtonManager.h */,
				191D9FAE22AEB24000379703 /* MCSCheckoutButtonManager.m */,
				1933564322B0299900B7501F /* MCCSVGImage.h */,
				1933564422B0299900B7501F /* MCCSVGImage.m */,
			);
			path = MCSCheckoutButton;
			sourceTree = "<group>";
		};
		1938731222A97775004CEFEE /* Resources */ = {
			isa = PBXGroup;
			children = (
				1934CB6B22B094F50038909C /* SVGTemplate.html */,
				1938731322A97798004CEFEE /* Images.xcassets */,
			);
			path = Resources;
			sourceTree = "<group>";
		};
		194A90BA22A054220056DFC0 /* Configurations */ = {
			isa = PBXGroup;
			children = (
				191D9FA322ADB63800379703 /* Debug.xcconfig */,
				191D9FA422ADB63800379703 /* Production.xcconfig */,
				191D9FA522ADB63800379703 /* Release.xcconfig */,
				191D9FA122ADB63700379703 /* Sandbox.xcconfig */,
				191D9FA222ADB63700379703 /* Stage.xcconfig */,
				191D9FAB22ADB9F900379703 /* Common.xcconfig */,
			);
			path = Configurations;
			sourceTree = "<group>";
		};
		195FCD2522B8A1DC009B67DE /* Public */ = {
			isa = PBXGroup;
			children = (
				195FCD2622B8A25C009B67DE /* V7 */,
				191D9F9222ADAB5600379703 /* MCSCheckoutButton.h */,
				191D9FB622AEE05500379703 /* MCSCardTypes.h */,
				19A0EBEE22962C53006B7AFA /* MCSCheckoutStatus.h */,
				19A0EBE622962C52006B7AFA /* MCSCheckoutRequest.h */,
				19A0EBE722962C52006B7AFA /* MCSCheckoutResponse.h */,
				19A0EBE822962C52006B7AFA /* MCSCommerceWeb.h */,
				19A0EBEA22962C52006B7AFA /* MCSConfiguration.h */,
				19A0EBEF22962C53006B7AFA /* MCSCryptoOptions.h */,
			);
			path = Public;
			sourceTree = "<group>";
		};
		195FCD2622B8A25C009B67DE /* V7 */ = {
			isa = PBXGroup;
			children = (
				19A0EF9D229F095F006B7AFA /* MCCMerchant.h */,
				1994C93C22A833F800886520 /* MCCErrors.h */,
				19A0EF91229F095D006B7AFA /* MCCAmount.h */,
				19A0EF94229F095D006B7AFA /* MCCCardType.h */,
				19A0EF92229F095D006B7AFA /* MCCCheckoutRequest.h */,
				19A0EF90229F095D006B7AFA /* MCCCheckoutResponse.h */,
				19A0EF97229F095E006B7AFA /* MCCConfiguration.h */,
				19A0EF9C229F095F006B7AFA /* MCCCryptogram.h */,
				19A0EF98229F095E006B7AFA /* MCCMasterpassButton.h */,
				19A0EF8D229F095C006B7AFA /* MCCMerchantConstants.h */,
				19A0EFA3229F0960006B7AFA /* MCCMerchantDelegate.h */,
				19A0EFA6229F0961006B7AFA /* MCCPaymentMethod.h */,
			);
			path = V7;
			sourceTree = "<group>";
		};
		19A0EBC22295EA40006B7AFA = {
			isa = PBXGroup;
			children = (
				19A0EBCE2295EA40006B7AFA /* MCSCommerceWeb */,
				19A0EBD92295EA40006B7AFA /* MCSCommerceWebTests */,
				19A0EBCD2295EA40006B7AFA /* Products */,
			);
			sourceTree = "<group>";
		};
		19A0EBCD2295EA40006B7AFA /* Products */ = {
			isa = PBXGroup;
			children = (
				19A0EBCC2295EA40006B7AFA /* MCSCommerceWeb.framework */,
				19A0EBD52295EA40006B7AFA /* MCSCommerceWebTests.xctest */,
			);
			name = Products;
			sourceTree = "<group>";
		};
		19A0EBCE2295EA40006B7AFA /* MCSCommerceWeb */ = {
			isa = PBXGroup;
			children = (
				196DBED222AA1F3B00A05E38 /* Info.plist */,
				195FCD2522B8A1DC009B67DE /* Public */,
				1938731222A97775004CEFEE /* Resources */,
				194A90BA22A054220056DFC0 /* Configurations */,
				19A0EF86229EF6E2006B7AFA /* V7 */,
				19A0EBF122962C53006B7AFA /* Internal */,
				191D9F9622ADAB6400379703 /* MCSCheckoutButton */,
				191D9FB722AEE05500379703 /* MCSCardTypes.m */,
				19A0EBEC22962C53006B7AFA /* MCSCheckoutResponse.m */,
				19A0EBE922962C52006B7AFA /* MCSCheckoutRequest.m */,
				191D9FB122AEBAF100379703 /* MCSConfigurationManager.h */,
				191D9FB222AEBAF100379703 /* MCSConfigurationManager.m */,
				19A0EBF022962C53006B7AFA /* MCSCommerceWeb.m */,
				19A0EBED22962C53006B7AFA /* MCSConfiguration.m */,
				19A0EBEB22962C53006B7AFA /* MCSCryptoOptions.m */,
			);
			path = MCSCommerceWeb;
			sourceTree = "<group>";
		};
		19A0EBD92295EA40006B7AFA /* MCSCommerceWebTests */ = {
			isa = PBXGroup;
			children = (
				19A0EBDA2295EA40006B7AFA /* MCSCommerceWebTests.m */,
				19A0EBDC2295EA40006B7AFA /* Info.plist */,
			);
			path = MCSCommerceWebTests;
			sourceTree = "<group>";
		};
		19A0EBF122962C53006B7AFA /* Internal */ = {
			isa = PBXGroup;
			children = (
				19A0EBF222962C53006B7AFA /* MCSCheckoutUrlBuilder.h */,
				19A0EBF322962C53006B7AFA /* MCSViewControllerManager.h */,
				19A0EBF422962C53006B7AFA /* MCSCheckoutRouter.h */,
				19A0EBF522962C53006B7AFA /* MCSSafariViewControllerManager.h */,
				19A0EBFA22962C53006B7AFA /* MCSSafariViewControllerManager.m */,
				19A0EBF622962C53006B7AFA /* MCSWebViewControllerManager.h */,
				19A0EBFC22962C53006B7AFA /* MCSWebViewControllerManager.m */,
				19A0EBFB22962C53006B7AFA /* MCSWebViewController.h */,
				19A0EBF722962C53006B7AFA /* MCSWebViewController.m */,
				19A0EBF822962C53006B7AFA /* MCSCheckoutUrlBuilder.m */,
				19A0EBF922962C53006B7AFA /* MCSCheckoutRouter.m */,
				192EFCC022B2D90E0071CC71 /* MCSActivityIndicatorView.h */,
				192EFCC122B2D90E0071CC71 /* MCSActivityIndicatorView.m */,
				195FCD0522B6CFC4009B67DE /* MCSDelegateBridge.h */,
				195FCD0622B6CFC4009B67DE /* MCSDelegateBridge.m */,
			);
			path = Internal;
			sourceTree = "<group>";
		};
		19A0EF86229EF6E2006B7AFA /* V7 */ = {
			isa = PBXGroup;
			children = (
				1994C93B22A833F800886520 /* MCCErrors.m */,
				19A0EFF4229F181D006B7AFA /* MCCMerchant.m */,
				194A90C522A05FE90056DFC0 /* MCCCheckoutHelper.h */,
				194A90C622A05FE90056DFC0 /* MCCCheckoutHelper.m */,
				19A0EFCB229F0F24006B7AFA /* MCCMerchantProtocol.h */,
				19A0EF8F229F095C006B7AFA /* MCCAmount.m */,
				19A0EF99229F095E006B7AFA /* MCCCardType.m */,
				19A0EF8B229F095C006B7AFA /* MCCCheckoutRequest.m */,
				19A0EF9F229F095F006B7AFA /* MCCCheckoutResponse.m */,
				19A0EF96229F095E006B7AFA /* MCCConfiguration.m */,
				19A0EF8E229F095C006B7AFA /* MCCCryptogram.m */,
				19A0EFA0229F095F006B7AFA /* MCCMasterpassButton.m */,
				19A0EF8C229F095C006B7AFA /* MCCMerchantConstants.m */,
				19A0EF9B229F095F006B7AFA /* MCCMerchantConstants+Private.h */,
				19A0EF93229F095D006B7AFA /* MCCMerchantConstants+Private.m */,
				19A0EFA4229F0960006B7AFA /* MCCPaymentMethod.m */,
				19A0EFD5229F1471006B7AFA /* MCFEnvironmentConfiguration.h */,
				19A0EFD4229F1471006B7AFA /* MCFEnvironmentConfiguration.m */,
				19A0EFDA229F14CA006B7AFA /* MCFCoreConstants.h */,
				19A0EFD9229F14CA006B7AFA /* MCFCoreConstants.m */,
				19A0EFDB229F14CA006B7AFA /* MCFCoreConstants+Private.h */,
				19A0EFD8229F14C9006B7AFA /* MCFCoreConstants+Private.m */,
				195FCD0922B6D280009B67DE /* MCCConfigurationManager.h */,
				195FCD0A22B6D280009B67DE /* MCCConfigurationManager.m */,
			);
			path = V7;
			sourceTree = "<group>";
		};
/* End PBXGroup section */

/* Begin PBXHeadersBuildPhase section */
		19A0EBC72295EA40006B7AFA /* Headers */ = {
			isa = PBXHeadersBuildPhase;
			buildActionMask = 2147483647;
			files = (
				19A0EC0822962C53006B7AFA /* MCSCheckoutUrlBuilder.h in Headers */,
				19A0EBFD22962C53006B7AFA /* MCSCheckoutRequest.h in Headers */,
				1934CB6A22B043570038909C /* MCSCheckoutButton+Private.h in Headers */,
				19A0EFCE229F0F24006B7AFA /* MCCMerchantProtocol.h in Headers */,
				19A0EC0622962C53006B7AFA /* MCSCryptoOptions.h in Headers */,
				195FCD0722B6CFC4009B67DE /* MCSDelegateBridge.h in Headers */,
				19A0EC0522962C53006B7AFA /* MCSCheckoutStatus.h in Headers */,
				191D9F9422ADAB5600379703 /* MCSCheckoutButton.h in Headers */,
				19A0EBFE22962C53006B7AFA /* MCSCheckoutResponse.h in Headers */,
				1994C93E22A833F800886520 /* MCCErrors.h in Headers */,
				19A0EC0122962C53006B7AFA /* MCSConfiguration.h in Headers */,
				19A0EBFF22962C53006B7AFA /* MCSCommerceWeb.h in Headers */,
				191D9FAF22AEB24000379703 /* MCSCheckoutButtonManager.h in Headers */,
				19A0EFAF229F0961006B7AFA /* MCCCheckoutRequest.h in Headers */,
				19A0EFC3229F0961006B7AFA /* MCCPaymentMethod.h in Headers */,
				19A0EFC0229F0961006B7AFA /* MCCMerchantDelegate.h in Headers */,
				19A0EFB4229F0961006B7AFA /* MCCConfiguration.h in Headers */,
				19A0EFB1229F0961006B7AFA /* MCCCardType.h in Headers */,
				19A0EFB9229F0961006B7AFA /* MCCCryptogram.h in Headers */,
				19A0EFAE229F0961006B7AFA /* MCCAmount.h in Headers */,
				191D9FB822AEE05600379703 /* MCSCardTypes.h in Headers */,
				19A0EFBA229F0961006B7AFA /* MCCMerchant.h in Headers */,
				191D9FB322AEBAF100379703 /* MCSConfigurationManager.h in Headers */,
				19A0EFAA229F0961006B7AFA /* MCCMerchantConstants.h in Headers */,
				19A0EFAD229F0961006B7AFA /* MCCCheckoutResponse.h in Headers */,
				19A0EFB5229F0961006B7AFA /* MCCMasterpassButton.h in Headers */,
				19A0EFD7229F1471006B7AFA /* MCFEnvironmentConfiguration.h in Headers */,
				19A0EFDE229F14CA006B7AFA /* MCFCoreConstants.h in Headers */,
				1933564522B0299900B7501F /* MCCSVGImage.h in Headers */,
				194A90C722A05FE90056DFC0 /* MCCCheckoutHelper.h in Headers */,
				19A0EC0B22962C53006B7AFA /* MCSSafariViewControllerManager.h in Headers */,
				19A0EFDF229F14CA006B7AFA /* MCFCoreConstants+Private.h in Headers */,
				19A0EC1122962C53006B7AFA /* MCSWebViewController.h in Headers */,
				19A0EC0A22962C53006B7AFA /* MCSCheckoutRouter.h in Headers */,
				19A0EC0922962C53006B7AFA /* MCSViewControllerManager.h in Headers */,
				192EFCC222B2D90E0071CC71 /* MCSActivityIndicatorView.h in Headers */,
				195FCD0B22B6D280009B67DE /* MCCConfigurationManager.h in Headers */,
				19A0EFB8229F0961006B7AFA /* MCCMerchantConstants+Private.h in Headers */,
				19A0EC0C22962C53006B7AFA /* MCSWebViewControllerManager.h in Headers */,
			);
			runOnlyForDeploymentPostprocessing = 0;
		};
/* End PBXHeadersBuildPhase section */

/* Begin PBXNativeTarget section */
		19A0EBCB2295EA40006B7AFA /* MCSCommerceWeb */ = {
			isa = PBXNativeTarget;
			buildConfigurationList = 19A0EBE02295EA40006B7AFA /* Build configuration list for PBXNativeTarget "MCSCommerceWeb" */;
			buildPhases = (
				19A0EBC72295EA40006B7AFA /* Headers */,
				19A0EBC82295EA40006B7AFA /* Sources */,
				19A0EBC92295EA40006B7AFA /* Frameworks */,
				19A0EBCA2295EA40006B7AFA /* Resources */,
			);
			buildRules = (
			);
			dependencies = (
			);
			name = MCSCommerceWeb;
			productName = MCSCommerceWeb;
			productReference = 19A0EBCC2295EA40006B7AFA /* MCSCommerceWeb.framework */;
			productType = "com.apple.product-type.framework";
		};
		19A0EBD42295EA40006B7AFA /* MCSCommerceWebTests */ = {
			isa = PBXNativeTarget;
			buildConfigurationList = 19A0EBE32295EA40006B7AFA /* Build configuration list for PBXNativeTarget "MCSCommerceWebTests" */;
			buildPhases = (
				19A0EBD12295EA40006B7AFA /* Sources */,
				19A0EBD22295EA40006B7AFA /* Frameworks */,
				19A0EBD32295EA40006B7AFA /* Resources */,
			);
			buildRules = (
			);
			dependencies = (
				19A0EBD82295EA40006B7AFA /* PBXTargetDependency */,
			);
			name = MCSCommerceWebTests;
			productName = MCSCommerceWebTests;
			productReference = 19A0EBD52295EA40006B7AFA /* MCSCommerceWebTests.xctest */;
			productType = "com.apple.product-type.bundle.unit-test";
		};
/* End PBXNativeTarget section */

/* Begin PBXProject section */
		19A0EBC32295EA40006B7AFA /* Project object */ = {
			isa = PBXProject;
			attributes = {
				LastUpgradeCheck = 1010;
				ORGANIZATIONNAME = Mastercard;
				TargetAttributes = {
					19A0EBCB2295EA40006B7AFA = {
						CreatedOnToolsVersion = 10.1;
					};
					19A0EBD42295EA40006B7AFA = {
						CreatedOnToolsVersion = 10.1;
					};
				};
			};
			buildConfigurationList = 19A0EBC62295EA40006B7AFA /* Build configuration list for PBXProject "MCSCommerceWeb" */;
			compatibilityVersion = "Xcode 9.3";
			developmentRegion = en;
			hasScannedForEncodings = 0;
			knownRegions = (
				en,
			);
			mainGroup = 19A0EBC22295EA40006B7AFA;
			productRefGroup = 19A0EBCD2295EA40006B7AFA /* Products */;
			projectDirPath = "";
			projectRoot = "";
			targets = (
				19A0EBCB2295EA40006B7AFA /* MCSCommerceWeb */,
				19A0EBD42295EA40006B7AFA /* MCSCommerceWebTests */,
			);
		};
/* End PBXProject section */

/* Begin PBXResourcesBuildPhase section */
		19A0EBCA2295EA40006B7AFA /* Resources */ = {
			isa = PBXResourcesBuildPhase;
			buildActionMask = 2147483647;
			files = (
				191D9FA622ADB63800379703 /* Sandbox.xcconfig in Resources */,
				191D9FA722ADB63800379703 /* Stage.xcconfig in Resources */,
				1938731422A97798004CEFEE /* Images.xcassets in Resources */,
				191D9FA822ADB63800379703 /* Debug.xcconfig in Resources */,
				191D9FAA22ADB63800379703 /* Release.xcconfig in Resources */,
				191D9FAC22ADB9F900379703 /* Common.xcconfig in Resources */,
				191D9FA922ADB63800379703 /* Production.xcconfig in Resources */,
				1934CB6C22B094F50038909C /* SVGTemplate.html in Resources */,
			);
			runOnlyForDeploymentPostprocessing = 0;
		};
		19A0EBD32295EA40006B7AFA /* Resources */ = {
			isa = PBXResourcesBuildPhase;
			buildActionMask = 2147483647;
			files = (
			);
			runOnlyForDeploymentPostprocessing = 0;
		};
/* End PBXResourcesBuildPhase section */

/* Begin PBXSourcesBuildPhase section */
		19A0EBC82295EA40006B7AFA /* Sources */ = {
			isa = PBXSourcesBuildPhase;
			buildActionMask = 2147483647;
			files = (
				19A0EFBC229F0961006B7AFA /* MCCCheckoutResponse.m in Sources */,
				19A0EC0F22962C53006B7AFA /* MCSCheckoutRouter.m in Sources */,
				195FCD0C22B6D280009B67DE /* MCCConfigurationManager.m in Sources */,
				19A0EC1222962C53006B7AFA /* MCSWebViewControllerManager.m in Sources */,
				19A0EC0722962C53006B7AFA /* MCSCommerceWeb.m in Sources */,
				19A0EFDD229F14CA006B7AFA /* MCFCoreConstants.m in Sources */,
				19A0EC0422962C53006B7AFA /* MCSConfiguration.m in Sources */,
				19A0EFB6229F0961006B7AFA /* MCCCardType.m in Sources */,
				19A0EFB0229F0961006B7AFA /* MCCMerchantConstants+Private.m in Sources */,
				19A0EFA8229F0961006B7AFA /* MCCCheckoutRequest.m in Sources */,
				19A0EFAB229F0961006B7AFA /* MCCCryptogram.m in Sources */,
				1933564622B0299900B7501F /* MCCSVGImage.m in Sources */,
				19A0EFD6229F1471006B7AFA /* MCFEnvironmentConfiguration.m in Sources */,
				19A0EFB3229F0961006B7AFA /* MCCConfiguration.m in Sources */,
				19A0EFC1229F0961006B7AFA /* MCCPaymentMethod.m in Sources */,
				19A0EFAC229F0961006B7AFA /* MCCAmount.m in Sources */,
				19A0EFA9229F0961006B7AFA /* MCCMerchantConstants.m in Sources */,
				19A0EFF5229F181D006B7AFA /* MCCMerchant.m in Sources */,
				19A0EC0022962C53006B7AFA /* MCSCheckoutRequest.m in Sources */,
				19A0EC1022962C53006B7AFA /* MCSSafariViewControllerManager.m in Sources */,
				194A90C822A05FE90056DFC0 /* MCCCheckoutHelper.m in Sources */,
				19A0EFDC229F14CA006B7AFA /* MCFCoreConstants+Private.m in Sources */,
				19A0EC0222962C53006B7AFA /* MCSCryptoOptions.m in Sources */,
				191D9FB022AEB24000379703 /* MCSCheckoutButtonManager.m in Sources */,
				19A0EC0322962C53006B7AFA /* MCSCheckoutResponse.m in Sources */,
				191D9FB922AEE05600379703 /* MCSCardTypes.m in Sources */,
				191D9F9522ADAB5600379703 /* MCSCheckoutButton.m in Sources */,
				1994C93D22A833F800886520 /* MCCErrors.m in Sources */,
				191D9FB422AEBAF100379703 /* MCSConfigurationManager.m in Sources */,
				19A0EC0E22962C53006B7AFA /* MCSCheckoutUrlBuilder.m in Sources */,
				195FCD0822B6CFC4009B67DE /* MCSDelegateBridge.m in Sources */,
				19A0EFBD229F0961006B7AFA /* MCCMasterpassButton.m in Sources */,
				192EFCC322B2D90E0071CC71 /* MCSActivityIndicatorView.m in Sources */,
				19A0EC0D22962C53006B7AFA /* MCSWebViewController.m in Sources */,
			);
			runOnlyForDeploymentPostprocessing = 0;
		};
		19A0EBD12295EA40006B7AFA /* Sources */ = {
			isa = PBXSourcesBuildPhase;
			buildActionMask = 2147483647;
			files = (
				19A0EBDB2295EA40006B7AFA /* MCSCommerceWebTests.m in Sources */,
			);
			runOnlyForDeploymentPostprocessing = 0;
		};
/* End PBXSourcesBuildPhase section */

/* Begin PBXTargetDependency section */
		19A0EBD82295EA40006B7AFA /* PBXTargetDependency */ = {
			isa = PBXTargetDependency;
			target = 19A0EBCB2295EA40006B7AFA /* MCSCommerceWeb */;
			targetProxy = 19A0EBD72295EA40006B7AFA /* PBXContainerItemProxy */;
		};
/* End PBXTargetDependency section */

/* Begin XCBuildConfiguration section */
		19A0EBDE2295EA40006B7AFA /* Debug */ = {
			isa = XCBuildConfiguration;
			buildSettings = {
				ALWAYS_SEARCH_USER_PATHS = NO;
				CLANG_ANALYZER_NONNULL = YES;
				CLANG_ANALYZER_NUMBER_OBJECT_CONVERSION = YES_AGGRESSIVE;
				CLANG_CXX_LANGUAGE_STANDARD = "gnu++14";
				CLANG_CXX_LIBRARY = "libc++";
				CLANG_ENABLE_MODULES = YES;
				CLANG_ENABLE_OBJC_ARC = YES;
				CLANG_ENABLE_OBJC_WEAK = YES;
				CLANG_WARN_BLOCK_CAPTURE_AUTORELEASING = YES;
				CLANG_WARN_BOOL_CONVERSION = YES;
				CLANG_WARN_COMMA = YES;
				CLANG_WARN_CONSTANT_CONVERSION = YES;
				CLANG_WARN_DEPRECATED_OBJC_IMPLEMENTATIONS = YES;
				CLANG_WARN_DIRECT_OBJC_ISA_USAGE = YES_ERROR;
				CLANG_WARN_DOCUMENTATION_COMMENTS = YES;
				CLANG_WARN_EMPTY_BODY = YES;
				CLANG_WARN_ENUM_CONVERSION = YES;
				CLANG_WARN_INFINITE_RECURSION = YES;
				CLANG_WARN_INT_CONVERSION = YES;
				CLANG_WARN_NON_LITERAL_NULL_CONVERSION = YES;
				CLANG_WARN_OBJC_IMPLICIT_RETAIN_SELF = YES;
				CLANG_WARN_OBJC_LITERAL_CONVERSION = YES;
				CLANG_WARN_OBJC_ROOT_CLASS = YES_ERROR;
				CLANG_WARN_RANGE_LOOP_ANALYSIS = YES;
				CLANG_WARN_STRICT_PROTOTYPES = YES;
				CLANG_WARN_SUSPICIOUS_MOVE = YES;
				CLANG_WARN_UNGUARDED_AVAILABILITY = YES_AGGRESSIVE;
				CLANG_WARN_UNREACHABLE_CODE = YES;
				CLANG_WARN__DUPLICATE_METHOD_MATCH = YES;
				CODE_SIGN_IDENTITY = "iPhone Developer";
				COPY_PHASE_STRIP = NO;
				CURRENT_PROJECT_VERSION = 1;
				DEBUG_INFORMATION_FORMAT = dwarf;
				ENABLE_STRICT_OBJC_MSGSEND = YES;
				ENABLE_TESTABILITY = YES;
				GCC_C_LANGUAGE_STANDARD = gnu11;
				GCC_DYNAMIC_NO_PIC = NO;
				GCC_NO_COMMON_BLOCKS = YES;
				GCC_OPTIMIZATION_LEVEL = 0;
				GCC_PREPROCESSOR_DEFINITIONS = (
					"DEBUG=1",
					"$(inherited)",
				);
				GCC_WARN_64_TO_32_BIT_CONVERSION = YES;
				GCC_WARN_ABOUT_RETURN_TYPE = YES_ERROR;
				GCC_WARN_UNDECLARED_SELECTOR = YES;
				GCC_WARN_UNINITIALIZED_AUTOS = YES_AGGRESSIVE;
				GCC_WARN_UNUSED_FUNCTION = YES;
				GCC_WARN_UNUSED_VARIABLE = YES;
				IPHONEOS_DEPLOYMENT_TARGET = 11.0;
				MTL_ENABLE_DEBUG_INFO = INCLUDE_SOURCE;
				MTL_FAST_MATH = YES;
				ONLY_ACTIVE_ARCH = YES;
				SDKROOT = iphoneos;
				VALID_ARCHS = "arm64 arm64e armv7 armv7s x86_64";
				VERSIONING_SYSTEM = "apple-generic";
				VERSION_INFO_PREFIX = "";
			};
			name = Debug;
		};
		19A0EBDF2295EA40006B7AFA /* Release */ = {
			isa = XCBuildConfiguration;
			buildSettings = {
				ALWAYS_SEARCH_USER_PATHS = NO;
				CLANG_ANALYZER_NONNULL = YES;
				CLANG_ANALYZER_NUMBER_OBJECT_CONVERSION = YES_AGGRESSIVE;
				CLANG_CXX_LANGUAGE_STANDARD = "gnu++14";
				CLANG_CXX_LIBRARY = "libc++";
				CLANG_ENABLE_MODULES = YES;
				CLANG_ENABLE_OBJC_ARC = YES;
				CLANG_ENABLE_OBJC_WEAK = YES;
				CLANG_WARN_BLOCK_CAPTURE_AUTORELEASING = YES;
				CLANG_WARN_BOOL_CONVERSION = YES;
				CLANG_WARN_COMMA = YES;
				CLANG_WARN_CONSTANT_CONVERSION = YES;
				CLANG_WARN_DEPRECATED_OBJC_IMPLEMENTATIONS = YES;
				CLANG_WARN_DIRECT_OBJC_ISA_USAGE = YES_ERROR;
				CLANG_WARN_DOCUMENTATION_COMMENTS = YES;
				CLANG_WARN_EMPTY_BODY = YES;
				CLANG_WARN_ENUM_CONVERSION = YES;
				CLANG_WARN_INFINITE_RECURSION = YES;
				CLANG_WARN_INT_CONVERSION = YES;
				CLANG_WARN_NON_LITERAL_NULL_CONVERSION = YES;
				CLANG_WARN_OBJC_IMPLICIT_RETAIN_SELF = YES;
				CLANG_WARN_OBJC_LITERAL_CONVERSION = YES;
				CLANG_WARN_OBJC_ROOT_CLASS = YES_ERROR;
				CLANG_WARN_RANGE_LOOP_ANALYSIS = YES;
				CLANG_WARN_STRICT_PROTOTYPES = YES;
				CLANG_WARN_SUSPICIOUS_MOVE = YES;
				CLANG_WARN_UNGUARDED_AVAILABILITY = YES_AGGRESSIVE;
				CLANG_WARN_UNREACHABLE_CODE = YES;
				CLANG_WARN__DUPLICATE_METHOD_MATCH = YES;
				CODE_SIGN_IDENTITY = "iPhone Developer";
				COPY_PHASE_STRIP = NO;
				CURRENT_PROJECT_VERSION = 1;
				DEBUG_INFORMATION_FORMAT = "dwarf-with-dsym";
				ENABLE_NS_ASSERTIONS = NO;
				ENABLE_STRICT_OBJC_MSGSEND = YES;
				GCC_C_LANGUAGE_STANDARD = gnu11;
				GCC_NO_COMMON_BLOCKS = YES;
				GCC_WARN_64_TO_32_BIT_CONVERSION = YES;
				GCC_WARN_ABOUT_RETURN_TYPE = YES_ERROR;
				GCC_WARN_UNDECLARED_SELECTOR = YES;
				GCC_WARN_UNINITIALIZED_AUTOS = YES_AGGRESSIVE;
				GCC_WARN_UNUSED_FUNCTION = YES;
				GCC_WARN_UNUSED_VARIABLE = YES;
				IPHONEOS_DEPLOYMENT_TARGET = 11.0;
				MTL_ENABLE_DEBUG_INFO = NO;
				MTL_FAST_MATH = YES;
				SDKROOT = iphoneos;
				VALIDATE_PRODUCT = YES;
				VALID_ARCHS = "arm64 arm64e armv7 armv7s x86_64";
				VERSIONING_SYSTEM = "apple-generic";
				VERSION_INFO_PREFIX = "";
			};
			name = Release;
		};
		19A0EBE12295EA40006B7AFA /* Debug */ = {
			isa = XCBuildConfiguration;
			buildSettings = {
				CODE_SIGN_IDENTITY = "";
				CODE_SIGN_STYLE = Automatic;
				DEFINES_MODULE = YES;
				DEVELOPMENT_TEAM = FARWN7FEXX;
				DYLIB_COMPATIBILITY_VERSION = 1;
				DYLIB_CURRENT_VERSION = 1;
				DYLIB_INSTALL_NAME_BASE = "@rpath";
				INFOPLIST_FILE = "$(SRCROOT)/MCSCommerceWeb/Info.plist";
				INSTALL_PATH = "$(LOCAL_LIBRARY_DIR)/Frameworks";
				IPHONEOS_DEPLOYMENT_TARGET = 11.0;
				LD_RUNPATH_SEARCH_PATHS = (
					"$(inherited)",
					"@executable_path/Frameworks",
					"@loader_path/Frameworks",
				);
				ONLY_ACTIVE_ARCH = NO;
				PRODUCT_BUNDLE_IDENTIFIER = com.mastercard.commerce.MCSCommerceWeb;
				PRODUCT_NAME = "$(TARGET_NAME:c99extidentifier)";
				SKIP_INSTALL = YES;
				TARGETED_DEVICE_FAMILY = 1;
				VALID_ARCHS = "arm64 arm64e armv7 armv7s";
			};
			name = Debug;
		};
		19A0EBE22295EA40006B7AFA /* Release */ = {
			isa = XCBuildConfiguration;
			buildSettings = {
				CODE_SIGN_IDENTITY = "";
				CODE_SIGN_STYLE = Automatic;
				DEFINES_MODULE = YES;
				DEVELOPMENT_TEAM = FARWN7FEXX;
				DYLIB_COMPATIBILITY_VERSION = 1;
				DYLIB_CURRENT_VERSION = 1;
				DYLIB_INSTALL_NAME_BASE = "@rpath";
				INFOPLIST_FILE = "$(SRCROOT)/MCSCommerceWeb/Info.plist";
				INSTALL_PATH = "$(LOCAL_LIBRARY_DIR)/Frameworks";
				IPHONEOS_DEPLOYMENT_TARGET = 11.0;
				LD_RUNPATH_SEARCH_PATHS = (
					"$(inherited)",
					"@executable_path/Frameworks",
					"@loader_path/Frameworks",
				);
				PRODUCT_BUNDLE_IDENTIFIER = com.mastercard.commerce.MCSCommerceWeb;
				PRODUCT_NAME = "$(TARGET_NAME:c99extidentifier)";
				SKIP_INSTALL = YES;
				TARGETED_DEVICE_FAMILY = 1;
				VALID_ARCHS = "arm64 arm64e armv7 armv7s";
			};
			name = Release;
		};
		19A0EBE42295EA40006B7AFA /* Debug */ = {
			isa = XCBuildConfiguration;
			buildSettings = {
				CODE_SIGN_STYLE = Automatic;
				DEVELOPMENT_TEAM = FARWN7FEXX;
				INFOPLIST_FILE = MCSCommerceWebTests/Info.plist;
				LD_RUNPATH_SEARCH_PATHS = (
					"$(inherited)",
					"@executable_path/Frameworks",
					"@loader_path/Frameworks",
				);
				PRODUCT_BUNDLE_IDENTIFIER = com.mastercard.commerce.MCSCommerceWebTests;
				PRODUCT_NAME = "$(TARGET_NAME)";
				TARGETED_DEVICE_FAMILY = "1,2";
			};
			name = Debug;
		};
		19A0EBE52295EA40006B7AFA /* Release */ = {
			isa = XCBuildConfiguration;
			buildSettings = {
				CODE_SIGN_STYLE = Automatic;
				DEVELOPMENT_TEAM = FARWN7FEXX;
				INFOPLIST_FILE = MCSCommerceWebTests/Info.plist;
				LD_RUNPATH_SEARCH_PATHS = (
					"$(inherited)",
					"@executable_path/Frameworks",
					"@loader_path/Frameworks",
				);
				PRODUCT_BUNDLE_IDENTIFIER = com.mastercard.commerce.MCSCommerceWebTests;
				PRODUCT_NAME = "$(TARGET_NAME)";
				TARGETED_DEVICE_FAMILY = "1,2";
			};
			name = Release;
		};
/* End XCBuildConfiguration section */

/* Begin XCConfigurationList section */
		19A0EBC62295EA40006B7AFA /* Build configuration list for PBXProject "MCSCommerceWeb" */ = {
			isa = XCConfigurationList;
			buildConfigurations = (
				19A0EBDE2295EA40006B7AFA /* Debug */,
				19A0EBDF2295EA40006B7AFA /* Release */,
			);
			defaultConfigurationIsVisible = 0;
			defaultConfigurationName = Debug;
		};
		19A0EBE02295EA40006B7AFA /* Build configuration list for PBXNativeTarget "MCSCommerceWeb" */ = {
			isa = XCConfigurationList;
			buildConfigurations = (
				19A0EBE12295EA40006B7AFA /* Debug */,
				19A0EBE22295EA40006B7AFA /* Release */,
			);
			defaultConfigurationIsVisible = 0;
			defaultConfigurationName = Debug;
		};
		19A0EBE32295EA40006B7AFA /* Build configuration list for PBXNativeTarget "MCSCommerceWebTests" */ = {
			isa = XCConfigurationList;
			buildConfigurations = (
				19A0EBE42295EA40006B7AFA /* Debug */,
				19A0EBE52295EA40006B7AFA /* Release */,
			);
			defaultConfigurationIsVisible = 0;
			defaultConfigurationName = Debug;
		};
/* End XCConfigurationList section */
	};
	rootObject = 19A0EBC32295EA40006B7AFA /* Project object */;
}
